// !$*UTF8*$!
{
	archiveVersion = 1;
	classes = {
	};
	objectVersion = 56;
	objects = {

/* Begin PBXBuildFile section */
		280E59812AC1284100DAC8F1 /* SwiftUIBeginersApp.swift in Sources */ = {isa = PBXBuildFile; fileRef = 280E59802AC1284100DAC8F1 /* SwiftUIBeginersApp.swift */; };
		280E59832AC1284100DAC8F1 /* ContentView.swift in Sources */ = {isa = PBXBuildFile; fileRef = 280E59822AC1284100DAC8F1 /* ContentView.swift */; };
		280E59852AC1284200DAC8F1 /* Assets.xcassets in Resources */ = {isa = PBXBuildFile; fileRef = 280E59842AC1284200DAC8F1 /* Assets.xcassets */; };
		280E59892AC1284200DAC8F1 /* Preview Assets.xcassets in Resources */ = {isa = PBXBuildFile; fileRef = 280E59882AC1284200DAC8F1 /* Preview Assets.xcassets */; };
		280E59932AC1284200DAC8F1 /* SwiftUIBeginersTests.swift in Sources */ = {isa = PBXBuildFile; fileRef = 280E59922AC1284200DAC8F1 /* SwiftUIBeginersTests.swift */; };
		280E599D2AC1284200DAC8F1 /* SwiftUIBeginersUITests.swift in Sources */ = {isa = PBXBuildFile; fileRef = 280E599C2AC1284200DAC8F1 /* SwiftUIBeginersUITests.swift */; };
		280E599F2AC1284200DAC8F1 /* SwiftUIBeginersUITestsLaunchTests.swift in Sources */ = {isa = PBXBuildFile; fileRef = 280E599E2AC1284200DAC8F1 /* SwiftUIBeginersUITestsLaunchTests.swift */; };
		280E59AC2AC1286600DAC8F1 /* ChallengeOne.swift in Sources */ = {isa = PBXBuildFile; fileRef = 280E59AB2AC1286600DAC8F1 /* ChallengeOne.swift */; };
		282E59052B9F437A000C78A7 /* Challenge1.swift in Sources */ = {isa = PBXBuildFile; fileRef = 282E59042B9F437A000C78A7 /* Challenge1.swift */; };
		282E59082B9F54D2000C78A7 /* Pro2Part1.swift in Sources */ = {isa = PBXBuildFile; fileRef = 282E59072B9F54D2000C78A7 /* Pro2Part1.swift */; };
		282E590A2B9FFA1A000C78A7 /* Pro2Part2.swift in Sources */ = {isa = PBXBuildFile; fileRef = 282E59092B9FFA1A000C78A7 /* Pro2Part2.swift */; };
		282E590C2BA03E8F000C78A7 /* Challenge2.swift in Sources */ = {isa = PBXBuildFile; fileRef = 282E590B2BA03E8F000C78A7 /* Challenge2.swift */; };
		282E590F2BA08E55000C78A7 /* Pro3Part1.swift in Sources */ = {isa = PBXBuildFile; fileRef = 282E590E2BA08E55000C78A7 /* Pro3Part1.swift */; };
		282E59122BA14420000C78A7 /* ChallengeMilstone1-3.swift in Sources */ = {isa = PBXBuildFile; fileRef = 282E59112BA14420000C78A7 /* ChallengeMilstone1-3.swift */; };
		282E59152BA16F53000C78A7 /* Pro4Part1.swift in Sources */ = {isa = PBXBuildFile; fileRef = 282E59142BA16F53000C78A7 /* Pro4Part1.swift */; };
		282E59172BA19CF1000C78A7 /* Pro4Part2.swift in Sources */ = {isa = PBXBuildFile; fileRef = 282E59162BA19CF1000C78A7 /* Pro4Part2.swift */; };
		282E591A2BA202C4000C78A7 /* Pro5Part1.swift in Sources */ = {isa = PBXBuildFile; fileRef = 282E59192BA202C4000C78A7 /* Pro5Part1.swift */; };
		282E591C2BA3538A000C78A7 /* Pro5Part2.swift in Sources */ = {isa = PBXBuildFile; fileRef = 282E591B2BA3538A000C78A7 /* Pro5Part2.swift */; };
		282E591E2BA424D4000C78A7 /* Challenge3.swift in Sources */ = {isa = PBXBuildFile; fileRef = 282E591D2BA424D4000C78A7 /* Challenge3.swift */; };
		282E59212BA43941000C78A7 /* Pro6Part1.swift in Sources */ = {isa = PBXBuildFile; fileRef = 282E59202BA43941000C78A7 /* Pro6Part1.swift */; };
		282E59232BA4A0C4000C78A7 /* Pro6Part2.swift in Sources */ = {isa = PBXBuildFile; fileRef = 282E59222BA4A0C4000C78A7 /* Pro6Part2.swift */; };
		282E59252BA599AE000C78A7 /* ChallengeMilstone4-6.swift in Sources */ = {isa = PBXBuildFile; fileRef = 282E59242BA599AE000C78A7 /* ChallengeMilstone4-6.swift */; };
		282E59282BA5F0AF000C78A7 /* Pro7Part1.swift in Sources */ = {isa = PBXBuildFile; fileRef = 282E59272BA5F0AF000C78A7 /* Pro7Part1.swift */; };
		282E592A2BA6996A000C78A7 /* Pro7Part2.swift in Sources */ = {isa = PBXBuildFile; fileRef = 282E59292BA6996A000C78A7 /* Pro7Part2.swift */; };
		282E592C2BA6B32F000C78A7 /* Pro7Part3.swift in Sources */ = {isa = PBXBuildFile; fileRef = 282E592B2BA6B32F000C78A7 /* Pro7Part3.swift */; };
		282E592F2BA6E9E7000C78A7 /* Pro8Part1.swift in Sources */ = {isa = PBXBuildFile; fileRef = 282E592E2BA6E9E7000C78A7 /* Pro8Part1.swift */; };
		282E59312BA6F5C3000C78A7 /* Pro8Part2.swift in Sources */ = {isa = PBXBuildFile; fileRef = 282E59302BA6F5C3000C78A7 /* Pro8Part2.swift */; };
		282E59332BA7E2C4000C78A7 /* Pro8Part3.swift in Sources */ = {isa = PBXBuildFile; fileRef = 282E59322BA7E2C4000C78A7 /* Pro8Part3.swift */; };
		282E59352BA7E3A8000C78A7 /* Pro8PoJO.swift in Sources */ = {isa = PBXBuildFile; fileRef = 282E59342BA7E3A8000C78A7 /* Pro8PoJO.swift */; };
		282E59372BA81D3A000C78A7 /* Pro8Part4.swift in Sources */ = {isa = PBXBuildFile; fileRef = 282E59362BA81D3A000C78A7 /* Pro8Part4.swift */; };
		282E59392BA83010000C78A7 /* Pro8Part5.swift in Sources */ = {isa = PBXBuildFile; fileRef = 282E59382BA83010000C78A7 /* Pro8Part5.swift */; };
		282E593C2BA87FF6000C78A7 /* Pro9Part1.swift in Sources */ = {isa = PBXBuildFile; fileRef = 282E593B2BA87FF6000C78A7 /* Pro9Part1.swift */; };
		282E593E2BA88F9E000C78A7 /* Pro9Part2.swift in Sources */ = {isa = PBXBuildFile; fileRef = 282E593D2BA88F9E000C78A7 /* Pro9Part2.swift */; };
		282E59402BA95879000C78A7 /* Pro9Part3.swift in Sources */ = {isa = PBXBuildFile; fileRef = 282E593F2BA95879000C78A7 /* Pro9Part3.swift */; };
		282E59422BA96BD9000C78A7 /* Pro9Part4.swift in Sources */ = {isa = PBXBuildFile; fileRef = 282E59412BA96BD9000C78A7 /* Pro9Part4.swift */; };
		282E59442BA97E41000C78A7 /* Pro7Part4-Challenge.swift in Sources */ = {isa = PBXBuildFile; fileRef = 282E59432BA97E41000C78A7 /* Pro7Part4-Challenge.swift */; };
		282E59462BA98506000C78A7 /* Pro7Part5-Challenge.swift in Sources */ = {isa = PBXBuildFile; fileRef = 282E59452BA98506000C78A7 /* Pro7Part5-Challenge.swift */; };
		282E59482BA98A0E000C78A7 /* Pro8Part6-Challenge.swift in Sources */ = {isa = PBXBuildFile; fileRef = 282E59472BA98A0E000C78A7 /* Pro8Part6-Challenge.swift */; };
		282E594B2BAA8064000C78A7 /* ChallengeMillstone7-9.swift in Sources */ = {isa = PBXBuildFile; fileRef = 282E594A2BAA8064000C78A7 /* ChallengeMillstone7-9.swift */; };
		282E594D2BAA8B2B000C78A7 /* ChallengeMillstonePOJO.swift in Sources */ = {isa = PBXBuildFile; fileRef = 282E594C2BAA8B2B000C78A7 /* ChallengeMillstonePOJO.swift */; };
		282E594F2BAA8C3D000C78A7 /* ChallengeMillstone-View.swift in Sources */ = {isa = PBXBuildFile; fileRef = 282E594E2BAA8C3D000C78A7 /* ChallengeMillstone-View.swift */; };
		2830A1E92ACA5A8F00D10B66 /* start.txt in Resources */ = {isa = PBXBuildFile; fileRef = 2830A1E82ACA5A8F00D10B66 /* start.txt */; };
		2830A1F52ACD930300D10B66 /* ChallengeThree_reference.swift in Sources */ = {isa = PBXBuildFile; fileRef = 2830A1F42ACD930300D10B66 /* ChallengeThree_reference.swift */; };
		2830A1F72ACD97B800D10B66 /* QuizView_reference.swift in Sources */ = {isa = PBXBuildFile; fileRef = 2830A1F62ACD97B800D10B66 /* QuizView_reference.swift */; };
		2830A1F92ACDA0E100D10B66 /* ChallengeThree.swift in Sources */ = {isa = PBXBuildFile; fileRef = 2830A1F82ACDA0E100D10B66 /* ChallengeThree.swift */; };
		2830A1FB2ACDB89B00D10B66 /* QuizView.swift in Sources */ = {isa = PBXBuildFile; fileRef = 2830A1FA2ACDB89B00D10B66 /* QuizView.swift */; };
		284612EC2ADBFF3100E284B7 /* SwiftUIViewPathDeom.swift in Sources */ = {isa = PBXBuildFile; fileRef = 284612EB2ADBFF3100E284B7 /* SwiftUIViewPathDeom.swift */; };
		284612EE2ADC281E00E284B7 /* SwiftUIViewBoard.swift in Sources */ = {isa = PBXBuildFile; fileRef = 284612ED2ADC281E00E284B7 /* SwiftUIViewBoard.swift */; };
		284612F02ADD88F700E284B7 /* SwiftUIViewCG.swift in Sources */ = {isa = PBXBuildFile; fileRef = 284612EF2ADD88F700E284B7 /* SwiftUIViewCG.swift */; };
		284612F22ADEDB3F00E284B7 /* SwiftUIViewImagePaint.swift in Sources */ = {isa = PBXBuildFile; fileRef = 284612F12ADEDB3F00E284B7 /* SwiftUIViewImagePaint.swift */; };
		284612F42AE4F9A900E284B7 /* SwiftUIViewColorCircular.swift in Sources */ = {isa = PBXBuildFile; fileRef = 284612F32AE4F9A900E284B7 /* SwiftUIViewColorCircular.swift */; };
		284612F72AE501BB00E284B7 /* SwiftUIViewBlurs.swift in Sources */ = {isa = PBXBuildFile; fileRef = 284612F62AE501BB00E284B7 /* SwiftUIViewBlurs.swift */; };
		284612F92AE51D2300E284B7 /* SwiftUIViewPicBlurs.swift in Sources */ = {isa = PBXBuildFile; fileRef = 284612F82AE51D2300E284B7 /* SwiftUIViewPicBlurs.swift */; };
		284612FB2AE5236700E284B7 /* SwiftUIViewShapeAnimatable.swift in Sources */ = {isa = PBXBuildFile; fileRef = 284612FA2AE5236700E284B7 /* SwiftUIViewShapeAnimatable.swift */; };
		284612FD2AE5256F00E284B7 /* SwiftUIViewPentagram.swift in Sources */ = {isa = PBXBuildFile; fileRef = 284612FC2AE5256F00E284B7 /* SwiftUIViewPentagram.swift */; };
		284612FF2AE585E100E284B7 /* SwiftUIViewRactangleAnimatable.swift in Sources */ = {isa = PBXBuildFile; fileRef = 284612FE2AE585E100E284B7 /* SwiftUIViewRactangleAnimatable.swift */; };
		284613012AE6C57100E284B7 /* SwiftUIViewAmazingSpirograph.swift in Sources */ = {isa = PBXBuildFile; fileRef = 284613002AE6C57100E284B7 /* SwiftUIViewAmazingSpirograph.swift */; };
		284613032AEAB32E00E284B7 /* SwiftUIViewTest.swift in Sources */ = {isa = PBXBuildFile; fileRef = 284613022AEAB32E00E284B7 /* SwiftUIViewTest.swift */; };
		284613052AEABEA500E284B7 /* ChallengeNineArrow.swift in Sources */ = {isa = PBXBuildFile; fileRef = 284613042AEABEA500E284B7 /* ChallengeNineArrow.swift */; };
		285B88902AC3FCBD0078D3F0 /* Project1.swift in Sources */ = {isa = PBXBuildFile; fileRef = 285B888F2AC3FCBD0078D3F0 /* Project1.swift */; };
		285B88922AC474780078D3F0 /* Project2.swift in Sources */ = {isa = PBXBuildFile; fileRef = 285B88912AC474780078D3F0 /* Project2.swift */; };
		285B88972AC5C8FC0078D3F0 /* ChallengeTwo.swift in Sources */ = {isa = PBXBuildFile; fileRef = 285B88962AC5C8FC0078D3F0 /* ChallengeTwo.swift */; };
		285B889A2AC72E890078D3F0 /* SwiftUIViewDate.swift in Sources */ = {isa = PBXBuildFile; fileRef = 285B88992AC72E890078D3F0 /* SwiftUIViewDate.swift */; };
		285B889C2AC81CB40078D3F0 /* SwiftUIViewBetterRest.swift in Sources */ = {isa = PBXBuildFile; fileRef = 285B889B2AC81CB40078D3F0 /* SwiftUIViewBetterRest.swift */; };
		285B889E2AC820C80078D3F0 /* SleepCalculator.mlmodel in Sources */ = {isa = PBXBuildFile; fileRef = 285B889D2AC820C80078D3F0 /* SleepCalculator.mlmodel */; };
		287CA0422AF38668004DC41A /* HabitView.swift in Sources */ = {isa = PBXBuildFile; fileRef = 287CA0412AF38668004DC41A /* HabitView.swift */; };
		2885AF3D2AED5F6E00E89B0C /* SwiftUIViewColorCyclingRectangle.swift in Sources */ = {isa = PBXBuildFile; fileRef = 2885AF3C2AED5F6E00E89B0C /* SwiftUIViewColorCyclingRectangle.swift */; };
		2885AF402AEE9CF600E89B0C /* Challenge47Days.swift in Sources */ = {isa = PBXBuildFile; fileRef = 2885AF3F2AEE9CF600E89B0C /* Challenge47Days.swift */; };
		2885AF422AEFF76600E89B0C /* Habit.swift in Sources */ = {isa = PBXBuildFile; fileRef = 2885AF412AEFF76600E89B0C /* Habit.swift */; };
		2885AF442AEFFA3700E89B0C /* HabitItem.swift in Sources */ = {isa = PBXBuildFile; fileRef = 2885AF432AEFFA3700E89B0C /* HabitItem.swift */; };
		2885AF462AEFFBDB00E89B0C /* HabitItemView.swift in Sources */ = {isa = PBXBuildFile; fileRef = 2885AF452AEFFBDB00E89B0C /* HabitItemView.swift */; };
		28AD564F2B9EE6360016627E /* DemoPart1.swift in Sources */ = {isa = PBXBuildFile; fileRef = 28AD564E2B9EE6360016627E /* DemoPart1.swift */; };
		28AD56522B9EF9A90016627E /* DemoPart2.swift in Sources */ = {isa = PBXBuildFile; fileRef = 28AD56512B9EF9A90016627E /* DemoPart2.swift */; };
		28B30AFB2AF7E2D000307467 /* SwiftUIViewCodableToLearn.swift in Sources */ = {isa = PBXBuildFile; fileRef = 28B30AFA2AF7E2D000307467 /* SwiftUIViewCodableToLearn.swift */; };
		28B30AFD2AF8CBE500307467 /* SwiftUIViewResponse.swift in Sources */ = {isa = PBXBuildFile; fileRef = 28B30AFC2AF8CBE500307467 /* SwiftUIViewResponse.swift */; };
		28B30AFF2AF8D7A900307467 /* SwiftUIViewAsyncImage.swift in Sources */ = {isa = PBXBuildFile; fileRef = 28B30AFE2AF8D7A900307467 /* SwiftUIViewAsyncImage.swift */; };
		28B30B012AF8DF2800307467 /* SwiftUIViewFromDisable.swift in Sources */ = {isa = PBXBuildFile; fileRef = 28B30B002AF8DF2800307467 /* SwiftUIViewFromDisable.swift */; };
		28B30B042AFA91DB00307467 /* Order_Project10.swift in Sources */ = {isa = PBXBuildFile; fileRef = 28B30B032AFA91DB00307467 /* Order_Project10.swift */; };
		28B30B062AFA931000307467 /* OrderView_Project10.swift in Sources */ = {isa = PBXBuildFile; fileRef = 28B30B052AFA931000307467 /* OrderView_Project10.swift */; };
		28B30B082AFB2B9D00307467 /* AddressView_Project10.swift in Sources */ = {isa = PBXBuildFile; fileRef = 28B30B072AFB2B9D00307467 /* AddressView_Project10.swift */; };
		28B30B0A2AFB302500307467 /* CheckoutView_Project10.swift in Sources */ = {isa = PBXBuildFile; fileRef = 28B30B092AFB302500307467 /* CheckoutView_Project10.swift */; };
		28B30B0E2AFDE3BA00307467 /* SwiftUIViewCustom.swift in Sources */ = {isa = PBXBuildFile; fileRef = 28B30B0D2AFDE3BA00307467 /* SwiftUIViewCustom.swift */; };
		28B30B102AFDFFCD00307467 /* MultipleText_Project11.swift in Sources */ = {isa = PBXBuildFile; fileRef = 28B30B0F2AFDFFCD00307467 /* MultipleText_Project11.swift */; };
		28B30B122AFE076700307467 /* CoreData_Project11.swift in Sources */ = {isa = PBXBuildFile; fileRef = 28B30B112AFE076700307467 /* CoreData_Project11.swift */; };
		28B30B152AFF7A8800307467 /* Bookworm.xcdatamodeld in Sources */ = {isa = PBXBuildFile; fileRef = 28B30B132AFF7A8800307467 /* Bookworm.xcdatamodeld */; };
		28B30B172AFF7ABF00307467 /* DataController.swift in Sources */ = {isa = PBXBuildFile; fileRef = 28B30B162AFF7ABF00307467 /* DataController.swift */; };
		28B30B192AFFD11A00307467 /* AddBookView_Project11.swift in Sources */ = {isa = PBXBuildFile; fileRef = 28B30B182AFFD11A00307467 /* AddBookView_Project11.swift */; };
		28B30B1B2AFFD38100307467 /* BooksView_Project11.swift in Sources */ = {isa = PBXBuildFile; fileRef = 28B30B1A2AFFD38100307467 /* BooksView_Project11.swift */; };
		28B30B1D2B00D59F00307467 /* RatingView_Project11.swift in Sources */ = {isa = PBXBuildFile; fileRef = 28B30B1C2B00D59F00307467 /* RatingView_Project11.swift */; };
		28B30B1F2B00E25F00307467 /* EmojiRatingView_Project11.swift in Sources */ = {isa = PBXBuildFile; fileRef = 28B30B1E2B00E25F00307467 /* EmojiRatingView_Project11.swift */; };
		28B30B212B011B3B00307467 /* DetailView_Project11.swift in Sources */ = {isa = PBXBuildFile; fileRef = 28B30B202B011B3B00307467 /* DetailView_Project11.swift */; };
		28D47B842AD30C7000157652 /* missions.json in Resources */ = {isa = PBXBuildFile; fileRef = 28D47B822AD30C7000157652 /* missions.json */; };
		28D47B852AD30C7000157652 /* astronauts.json in Resources */ = {isa = PBXBuildFile; fileRef = 28D47B832AD30C7000157652 /* astronauts.json */; };
		28FB286C2B03C2FD003A737E /* HashValue_Project.swift in Sources */ = {isa = PBXBuildFile; fileRef = 28FB286B2B03C2FD003A737E /* HashValue_Project.swift */; };
		28FB28752B03CF7B003A737E /* MovieView_Project12.swift in Sources */ = {isa = PBXBuildFile; fileRef = 28FB28742B03CF7B003A737E /* MovieView_Project12.swift */; };
		28FB28772B08B843003A737E /* MivewListView_Project12.swift in Sources */ = {isa = PBXBuildFile; fileRef = 28FB28762B08B843003A737E /* MivewListView_Project12.swift */; };
		28FB28792B08BF32003A737E /* SpaceListView_Project12.swift in Sources */ = {isa = PBXBuildFile; fileRef = 28FB28782B08BF32003A737E /* SpaceListView_Project12.swift */; };
		28FB28832B08C542003A737E /* CoreDataProject.xcdatamodeld in Sources */ = {isa = PBXBuildFile; fileRef = 28FB28812B08C542003A737E /* CoreDataProject.xcdatamodeld */; };
		28FB28862B08C5DF003A737E /* Movie+CoreDataClass.swift in Sources */ = {isa = PBXBuildFile; fileRef = 28FB28842B08C5DF003A737E /* Movie+CoreDataClass.swift */; };
		28FB28872B08C5DF003A737E /* Movie+CoreDataProperties.swift in Sources */ = {isa = PBXBuildFile; fileRef = 28FB28852B08C5DF003A737E /* Movie+CoreDataProperties.swift */; };
		28FB28892B09140E003A737E /* SingerView_Project12.swift in Sources */ = {isa = PBXBuildFile; fileRef = 28FB28882B09140E003A737E /* SingerView_Project12.swift */; };
		28FB288B2B09143B003A737E /* FilterView_Project12.swift in Sources */ = {isa = PBXBuildFile; fileRef = 28FB288A2B09143B003A737E /* FilterView_Project12.swift */; };
		28FB288E2B0914A9003A737E /* Singer+CoreDataClass.swift in Sources */ = {isa = PBXBuildFile; fileRef = 28FB288C2B0914A9003A737E /* Singer+CoreDataClass.swift */; };
		28FB288F2B0914A9003A737E /* Singer+CoreDataProperties.swift in Sources */ = {isa = PBXBuildFile; fileRef = 28FB288D2B0914A9003A737E /* Singer+CoreDataProperties.swift */; };
		28FB28942B0A5759003A737E /* Candy+CoreDataClass.swift in Sources */ = {isa = PBXBuildFile; fileRef = 28FB28902B0A5759003A737E /* Candy+CoreDataClass.swift */; };
		28FB28952B0A5759003A737E /* Candy+CoreDataProperties.swift in Sources */ = {isa = PBXBuildFile; fileRef = 28FB28912B0A5759003A737E /* Candy+CoreDataProperties.swift */; };
		28FB28962B0A5759003A737E /* Country+CoreDataClass.swift in Sources */ = {isa = PBXBuildFile; fileRef = 28FB28922B0A5759003A737E /* Country+CoreDataClass.swift */; };
		28FB28972B0A5759003A737E /* Country+CoreDataProperties.swift in Sources */ = {isa = PBXBuildFile; fileRef = 28FB28932B0A5759003A737E /* Country+CoreDataProperties.swift */; };
		28FB28992B0A5E19003A737E /* ConuntryCandyView_Project12.swift in Sources */ = {isa = PBXBuildFile; fileRef = 28FB28982B0A5E19003A737E /* ConuntryCandyView_Project12.swift */; };
		28FB289E2B0E434B003A737E /* ViewBuilderTestView.swift in Sources */ = {isa = PBXBuildFile; fileRef = 28FB289D2B0E434B003A737E /* ViewBuilderTestView.swift */; };
		28FB28A02B0F5BDB003A737E /* JSONDemoView.swift in Sources */ = {isa = PBXBuildFile; fileRef = 28FB289F2B0F5BDB003A737E /* JSONDemoView.swift */; };
		28FB28A52B0FB348003A737E /* ChallengeUser.swift in Sources */ = {isa = PBXBuildFile; fileRef = 28FB28A42B0FB348003A737E /* ChallengeUser.swift */; };
		28FB28A72B0FB3FB003A737E /* ChallengeUserView.swift in Sources */ = {isa = PBXBuildFile; fileRef = 28FB28A62B0FB3FB003A737E /* ChallengeUserView.swift */; };
		28FB28A92B121687003A737E /* ChallengeUserDetailView.swift in Sources */ = {isa = PBXBuildFile; fileRef = 28FB28A82B121687003A737E /* ChallengeUserDetailView.swift */; };
/* End PBXBuildFile section */

/* Begin PBXContainerItemProxy section */
		280E598F2AC1284200DAC8F1 /* PBXContainerItemProxy */ = {
			isa = PBXContainerItemProxy;
			containerPortal = 280E59752AC1284100DAC8F1 /* Project object */;
			proxyType = 1;
			remoteGlobalIDString = 280E597C2AC1284100DAC8F1;
			remoteInfo = SwiftUIBeginers;
		};
		280E59992AC1284200DAC8F1 /* PBXContainerItemProxy */ = {
			isa = PBXContainerItemProxy;
			containerPortal = 280E59752AC1284100DAC8F1 /* Project object */;
			proxyType = 1;
			remoteGlobalIDString = 280E597C2AC1284100DAC8F1;
			remoteInfo = SwiftUIBeginers;
		};
/* End PBXContainerItemProxy section */

/* Begin PBXFileReference section */
		280E597D2AC1284100DAC8F1 /* SwiftUIBeginers.app */ = {isa = PBXFileReference; explicitFileType = wrapper.application; includeInIndex = 0; path = SwiftUIBeginers.app; sourceTree = BUILT_PRODUCTS_DIR; };
		280E59802AC1284100DAC8F1 /* SwiftUIBeginersApp.swift */ = {isa = PBXFileReference; lastKnownFileType = sourcecode.swift; path = SwiftUIBeginersApp.swift; sourceTree = "<group>"; };
		280E59822AC1284100DAC8F1 /* ContentView.swift */ = {isa = PBXFileReference; lastKnownFileType = sourcecode.swift; path = ContentView.swift; sourceTree = "<group>"; };
		280E59842AC1284200DAC8F1 /* Assets.xcassets */ = {isa = PBXFileReference; lastKnownFileType = folder.assetcatalog; path = Assets.xcassets; sourceTree = "<group>"; };
		280E59862AC1284200DAC8F1 /* SwiftUIBeginers.entitlements */ = {isa = PBXFileReference; lastKnownFileType = text.plist.entitlements; path = SwiftUIBeginers.entitlements; sourceTree = "<group>"; };
		280E59882AC1284200DAC8F1 /* Preview Assets.xcassets */ = {isa = PBXFileReference; lastKnownFileType = folder.assetcatalog; path = "Preview Assets.xcassets"; sourceTree = "<group>"; };
		280E598E2AC1284200DAC8F1 /* SwiftUIBeginersTests.xctest */ = {isa = PBXFileReference; explicitFileType = wrapper.cfbundle; includeInIndex = 0; path = SwiftUIBeginersTests.xctest; sourceTree = BUILT_PRODUCTS_DIR; };
		280E59922AC1284200DAC8F1 /* SwiftUIBeginersTests.swift */ = {isa = PBXFileReference; lastKnownFileType = sourcecode.swift; path = SwiftUIBeginersTests.swift; sourceTree = "<group>"; };
		280E59982AC1284200DAC8F1 /* SwiftUIBeginersUITests.xctest */ = {isa = PBXFileReference; explicitFileType = wrapper.cfbundle; includeInIndex = 0; path = SwiftUIBeginersUITests.xctest; sourceTree = BUILT_PRODUCTS_DIR; };
		280E599C2AC1284200DAC8F1 /* SwiftUIBeginersUITests.swift */ = {isa = PBXFileReference; lastKnownFileType = sourcecode.swift; path = SwiftUIBeginersUITests.swift; sourceTree = "<group>"; };
		280E599E2AC1284200DAC8F1 /* SwiftUIBeginersUITestsLaunchTests.swift */ = {isa = PBXFileReference; lastKnownFileType = sourcecode.swift; path = SwiftUIBeginersUITestsLaunchTests.swift; sourceTree = "<group>"; };
		280E59AB2AC1286600DAC8F1 /* ChallengeOne.swift */ = {isa = PBXFileReference; lastKnownFileType = sourcecode.swift; path = ChallengeOne.swift; sourceTree = "<group>"; };
		282E59042B9F437A000C78A7 /* Challenge1.swift */ = {isa = PBXFileReference; lastKnownFileType = sourcecode.swift; path = Challenge1.swift; sourceTree = "<group>"; };
		282E59072B9F54D2000C78A7 /* Pro2Part1.swift */ = {isa = PBXFileReference; lastKnownFileType = sourcecode.swift; path = Pro2Part1.swift; sourceTree = "<group>"; };
		282E59092B9FFA1A000C78A7 /* Pro2Part2.swift */ = {isa = PBXFileReference; lastKnownFileType = sourcecode.swift; path = Pro2Part2.swift; sourceTree = "<group>"; };
		282E590B2BA03E8F000C78A7 /* Challenge2.swift */ = {isa = PBXFileReference; lastKnownFileType = sourcecode.swift; path = Challenge2.swift; sourceTree = "<group>"; };
		282E590E2BA08E55000C78A7 /* Pro3Part1.swift */ = {isa = PBXFileReference; lastKnownFileType = sourcecode.swift; path = Pro3Part1.swift; sourceTree = "<group>"; };
		282E59112BA14420000C78A7 /* ChallengeMilstone1-3.swift */ = {isa = PBXFileReference; lastKnownFileType = sourcecode.swift; path = "ChallengeMilstone1-3.swift"; sourceTree = "<group>"; };
		282E59142BA16F53000C78A7 /* Pro4Part1.swift */ = {isa = PBXFileReference; lastKnownFileType = sourcecode.swift; path = Pro4Part1.swift; sourceTree = "<group>"; };
		282E59162BA19CF1000C78A7 /* Pro4Part2.swift */ = {isa = PBXFileReference; lastKnownFileType = sourcecode.swift; path = Pro4Part2.swift; sourceTree = "<group>"; };
		282E59192BA202C4000C78A7 /* Pro5Part1.swift */ = {isa = PBXFileReference; lastKnownFileType = sourcecode.swift; path = Pro5Part1.swift; sourceTree = "<group>"; };
		282E591B2BA3538A000C78A7 /* Pro5Part2.swift */ = {isa = PBXFileReference; lastKnownFileType = sourcecode.swift; path = Pro5Part2.swift; sourceTree = "<group>"; };
		282E591D2BA424D4000C78A7 /* Challenge3.swift */ = {isa = PBXFileReference; lastKnownFileType = sourcecode.swift; path = Challenge3.swift; sourceTree = "<group>"; };
		282E59202BA43941000C78A7 /* Pro6Part1.swift */ = {isa = PBXFileReference; lastKnownFileType = sourcecode.swift; path = Pro6Part1.swift; sourceTree = "<group>"; };
		282E59222BA4A0C4000C78A7 /* Pro6Part2.swift */ = {isa = PBXFileReference; lastKnownFileType = sourcecode.swift; path = Pro6Part2.swift; sourceTree = "<group>"; };
		282E59242BA599AE000C78A7 /* ChallengeMilstone4-6.swift */ = {isa = PBXFileReference; lastKnownFileType = sourcecode.swift; path = "ChallengeMilstone4-6.swift"; sourceTree = "<group>"; };
		282E59272BA5F0AF000C78A7 /* Pro7Part1.swift */ = {isa = PBXFileReference; lastKnownFileType = sourcecode.swift; path = Pro7Part1.swift; sourceTree = "<group>"; };
		282E59292BA6996A000C78A7 /* Pro7Part2.swift */ = {isa = PBXFileReference; lastKnownFileType = sourcecode.swift; path = Pro7Part2.swift; sourceTree = "<group>"; };
		282E592B2BA6B32F000C78A7 /* Pro7Part3.swift */ = {isa = PBXFileReference; lastKnownFileType = sourcecode.swift; path = Pro7Part3.swift; sourceTree = "<group>"; };
		282E592E2BA6E9E7000C78A7 /* Pro8Part1.swift */ = {isa = PBXFileReference; lastKnownFileType = sourcecode.swift; path = Pro8Part1.swift; sourceTree = "<group>"; };
		282E59302BA6F5C3000C78A7 /* Pro8Part2.swift */ = {isa = PBXFileReference; lastKnownFileType = sourcecode.swift; path = Pro8Part2.swift; sourceTree = "<group>"; };
		282E59322BA7E2C4000C78A7 /* Pro8Part3.swift */ = {isa = PBXFileReference; lastKnownFileType = sourcecode.swift; path = Pro8Part3.swift; sourceTree = "<group>"; };
		282E59342BA7E3A8000C78A7 /* Pro8PoJO.swift */ = {isa = PBXFileReference; lastKnownFileType = sourcecode.swift; path = Pro8PoJO.swift; sourceTree = "<group>"; };
		282E59362BA81D3A000C78A7 /* Pro8Part4.swift */ = {isa = PBXFileReference; lastKnownFileType = sourcecode.swift; path = Pro8Part4.swift; sourceTree = "<group>"; };
		282E59382BA83010000C78A7 /* Pro8Part5.swift */ = {isa = PBXFileReference; lastKnownFileType = sourcecode.swift; path = Pro8Part5.swift; sourceTree = "<group>"; };
		282E593B2BA87FF6000C78A7 /* Pro9Part1.swift */ = {isa = PBXFileReference; lastKnownFileType = sourcecode.swift; path = Pro9Part1.swift; sourceTree = "<group>"; };
		282E593D2BA88F9E000C78A7 /* Pro9Part2.swift */ = {isa = PBXFileReference; lastKnownFileType = sourcecode.swift; path = Pro9Part2.swift; sourceTree = "<group>"; };
		282E593F2BA95879000C78A7 /* Pro9Part3.swift */ = {isa = PBXFileReference; lastKnownFileType = sourcecode.swift; path = Pro9Part3.swift; sourceTree = "<group>"; };
		282E59412BA96BD9000C78A7 /* Pro9Part4.swift */ = {isa = PBXFileReference; lastKnownFileType = sourcecode.swift; path = Pro9Part4.swift; sourceTree = "<group>"; };
		282E59432BA97E41000C78A7 /* Pro7Part4-Challenge.swift */ = {isa = PBXFileReference; lastKnownFileType = sourcecode.swift; path = "Pro7Part4-Challenge.swift"; sourceTree = "<group>"; };
		282E59452BA98506000C78A7 /* Pro7Part5-Challenge.swift */ = {isa = PBXFileReference; lastKnownFileType = sourcecode.swift; path = "Pro7Part5-Challenge.swift"; sourceTree = "<group>"; };
		282E59472BA98A0E000C78A7 /* Pro8Part6-Challenge.swift */ = {isa = PBXFileReference; lastKnownFileType = sourcecode.swift; path = "Pro8Part6-Challenge.swift"; sourceTree = "<group>"; };
		282E594A2BAA8064000C78A7 /* ChallengeMillstone7-9.swift */ = {isa = PBXFileReference; lastKnownFileType = sourcecode.swift; path = "ChallengeMillstone7-9.swift"; sourceTree = "<group>"; };
		282E594C2BAA8B2B000C78A7 /* ChallengeMillstonePOJO.swift */ = {isa = PBXFileReference; lastKnownFileType = sourcecode.swift; path = ChallengeMillstonePOJO.swift; sourceTree = "<group>"; };
		282E594E2BAA8C3D000C78A7 /* ChallengeMillstone-View.swift */ = {isa = PBXFileReference; lastKnownFileType = sourcecode.swift; path = "ChallengeMillstone-View.swift"; sourceTree = "<group>"; };
		2830A1E82ACA5A8F00D10B66 /* start.txt */ = {isa = PBXFileReference; fileEncoding = 4; lastKnownFileType = text; path = start.txt; sourceTree = "<group>"; };
		2830A1F42ACD930300D10B66 /* ChallengeThree_reference.swift */ = {isa = PBXFileReference; lastKnownFileType = sourcecode.swift; path = ChallengeThree_reference.swift; sourceTree = "<group>"; };
		2830A1F62ACD97B800D10B66 /* QuizView_reference.swift */ = {isa = PBXFileReference; lastKnownFileType = sourcecode.swift; path = QuizView_reference.swift; sourceTree = "<group>"; };
		2830A1F82ACDA0E100D10B66 /* ChallengeThree.swift */ = {isa = PBXFileReference; lastKnownFileType = sourcecode.swift; path = ChallengeThree.swift; sourceTree = "<group>"; };
		2830A1FA2ACDB89B00D10B66 /* QuizView.swift */ = {isa = PBXFileReference; lastKnownFileType = sourcecode.swift; path = QuizView.swift; sourceTree = "<group>"; };
		284612EB2ADBFF3100E284B7 /* SwiftUIViewPathDeom.swift */ = {isa = PBXFileReference; lastKnownFileType = sourcecode.swift; path = SwiftUIViewPathDeom.swift; sourceTree = "<group>"; };
		284612ED2ADC281E00E284B7 /* SwiftUIViewBoard.swift */ = {isa = PBXFileReference; lastKnownFileType = sourcecode.swift; path = SwiftUIViewBoard.swift; sourceTree = "<group>"; };
		284612EF2ADD88F700E284B7 /* SwiftUIViewCG.swift */ = {isa = PBXFileReference; lastKnownFileType = sourcecode.swift; path = SwiftUIViewCG.swift; sourceTree = "<group>"; };
		284612F12ADEDB3F00E284B7 /* SwiftUIViewImagePaint.swift */ = {isa = PBXFileReference; lastKnownFileType = sourcecode.swift; path = SwiftUIViewImagePaint.swift; sourceTree = "<group>"; };
		284612F32AE4F9A900E284B7 /* SwiftUIViewColorCircular.swift */ = {isa = PBXFileReference; lastKnownFileType = sourcecode.swift; path = SwiftUIViewColorCircular.swift; sourceTree = "<group>"; };
		284612F62AE501BB00E284B7 /* SwiftUIViewBlurs.swift */ = {isa = PBXFileReference; lastKnownFileType = sourcecode.swift; path = SwiftUIViewBlurs.swift; sourceTree = "<group>"; };
		284612F82AE51D2300E284B7 /* SwiftUIViewPicBlurs.swift */ = {isa = PBXFileReference; lastKnownFileType = sourcecode.swift; path = SwiftUIViewPicBlurs.swift; sourceTree = "<group>"; };
		284612FA2AE5236700E284B7 /* SwiftUIViewShapeAnimatable.swift */ = {isa = PBXFileReference; lastKnownFileType = sourcecode.swift; path = SwiftUIViewShapeAnimatable.swift; sourceTree = "<group>"; };
		284612FC2AE5256F00E284B7 /* SwiftUIViewPentagram.swift */ = {isa = PBXFileReference; lastKnownFileType = sourcecode.swift; path = SwiftUIViewPentagram.swift; sourceTree = "<group>"; };
		284612FE2AE585E100E284B7 /* SwiftUIViewRactangleAnimatable.swift */ = {isa = PBXFileReference; lastKnownFileType = sourcecode.swift; path = SwiftUIViewRactangleAnimatable.swift; sourceTree = "<group>"; };
		284613002AE6C57100E284B7 /* SwiftUIViewAmazingSpirograph.swift */ = {isa = PBXFileReference; lastKnownFileType = sourcecode.swift; path = SwiftUIViewAmazingSpirograph.swift; sourceTree = "<group>"; };
		284613022AEAB32E00E284B7 /* SwiftUIViewTest.swift */ = {isa = PBXFileReference; lastKnownFileType = sourcecode.swift; path = SwiftUIViewTest.swift; sourceTree = "<group>"; };
		284613042AEABEA500E284B7 /* ChallengeNineArrow.swift */ = {isa = PBXFileReference; lastKnownFileType = sourcecode.swift; path = ChallengeNineArrow.swift; sourceTree = "<group>"; };
		285B888F2AC3FCBD0078D3F0 /* Project1.swift */ = {isa = PBXFileReference; lastKnownFileType = sourcecode.swift; path = Project1.swift; sourceTree = "<group>"; };
		285B88912AC474780078D3F0 /* Project2.swift */ = {isa = PBXFileReference; lastKnownFileType = sourcecode.swift; path = Project2.swift; sourceTree = "<group>"; };
		285B88962AC5C8FC0078D3F0 /* ChallengeTwo.swift */ = {isa = PBXFileReference; lastKnownFileType = sourcecode.swift; path = ChallengeTwo.swift; sourceTree = "<group>"; };
		285B88992AC72E890078D3F0 /* SwiftUIViewDate.swift */ = {isa = PBXFileReference; lastKnownFileType = sourcecode.swift; path = SwiftUIViewDate.swift; sourceTree = "<group>"; };
		285B889B2AC81CB40078D3F0 /* SwiftUIViewBetterRest.swift */ = {isa = PBXFileReference; lastKnownFileType = sourcecode.swift; path = SwiftUIViewBetterRest.swift; sourceTree = "<group>"; };
		285B889D2AC820C80078D3F0 /* SleepCalculator.mlmodel */ = {isa = PBXFileReference; lastKnownFileType = file.mlmodel; path = SleepCalculator.mlmodel; sourceTree = "<group>"; };
		287CA0412AF38668004DC41A /* HabitView.swift */ = {isa = PBXFileReference; lastKnownFileType = sourcecode.swift; path = HabitView.swift; sourceTree = "<group>"; };
		2885AF3C2AED5F6E00E89B0C /* SwiftUIViewColorCyclingRectangle.swift */ = {isa = PBXFileReference; lastKnownFileType = sourcecode.swift; path = SwiftUIViewColorCyclingRectangle.swift; sourceTree = "<group>"; };
		2885AF3F2AEE9CF600E89B0C /* Challenge47Days.swift */ = {isa = PBXFileReference; lastKnownFileType = sourcecode.swift; path = Challenge47Days.swift; sourceTree = "<group>"; };
		2885AF412AEFF76600E89B0C /* Habit.swift */ = {isa = PBXFileReference; lastKnownFileType = sourcecode.swift; path = Habit.swift; sourceTree = "<group>"; };
		2885AF432AEFFA3700E89B0C /* HabitItem.swift */ = {isa = PBXFileReference; lastKnownFileType = sourcecode.swift; path = HabitItem.swift; sourceTree = "<group>"; };
		2885AF452AEFFBDB00E89B0C /* HabitItemView.swift */ = {isa = PBXFileReference; lastKnownFileType = sourcecode.swift; path = HabitItemView.swift; sourceTree = "<group>"; };
		28AD564E2B9EE6360016627E /* DemoPart1.swift */ = {isa = PBXFileReference; lastKnownFileType = sourcecode.swift; path = DemoPart1.swift; sourceTree = "<group>"; };
		28AD56512B9EF9A90016627E /* DemoPart2.swift */ = {isa = PBXFileReference; lastKnownFileType = sourcecode.swift; path = DemoPart2.swift; sourceTree = "<group>"; };
		28B30AFA2AF7E2D000307467 /* SwiftUIViewCodableToLearn.swift */ = {isa = PBXFileReference; lastKnownFileType = sourcecode.swift; path = SwiftUIViewCodableToLearn.swift; sourceTree = "<group>"; };
		28B30AFC2AF8CBE500307467 /* SwiftUIViewResponse.swift */ = {isa = PBXFileReference; lastKnownFileType = sourcecode.swift; path = SwiftUIViewResponse.swift; sourceTree = "<group>"; };
		28B30AFE2AF8D7A900307467 /* SwiftUIViewAsyncImage.swift */ = {isa = PBXFileReference; lastKnownFileType = sourcecode.swift; path = SwiftUIViewAsyncImage.swift; sourceTree = "<group>"; };
		28B30B002AF8DF2800307467 /* SwiftUIViewFromDisable.swift */ = {isa = PBXFileReference; lastKnownFileType = sourcecode.swift; path = SwiftUIViewFromDisable.swift; sourceTree = "<group>"; };
		28B30B032AFA91DB00307467 /* Order_Project10.swift */ = {isa = PBXFileReference; lastKnownFileType = sourcecode.swift; path = Order_Project10.swift; sourceTree = "<group>"; };
		28B30B052AFA931000307467 /* OrderView_Project10.swift */ = {isa = PBXFileReference; lastKnownFileType = sourcecode.swift; path = OrderView_Project10.swift; sourceTree = "<group>"; };
		28B30B072AFB2B9D00307467 /* AddressView_Project10.swift */ = {isa = PBXFileReference; lastKnownFileType = sourcecode.swift; path = AddressView_Project10.swift; sourceTree = "<group>"; };
		28B30B092AFB302500307467 /* CheckoutView_Project10.swift */ = {isa = PBXFileReference; lastKnownFileType = sourcecode.swift; path = CheckoutView_Project10.swift; sourceTree = "<group>"; };
		28B30B0D2AFDE3BA00307467 /* SwiftUIViewCustom.swift */ = {isa = PBXFileReference; lastKnownFileType = sourcecode.swift; path = SwiftUIViewCustom.swift; sourceTree = "<group>"; };
		28B30B0F2AFDFFCD00307467 /* MultipleText_Project11.swift */ = {isa = PBXFileReference; lastKnownFileType = sourcecode.swift; path = MultipleText_Project11.swift; sourceTree = "<group>"; };
		28B30B112AFE076700307467 /* CoreData_Project11.swift */ = {isa = PBXFileReference; lastKnownFileType = sourcecode.swift; path = CoreData_Project11.swift; sourceTree = "<group>"; };
		28B30B142AFF7A8800307467 /* Bookworm.xcdatamodel */ = {isa = PBXFileReference; lastKnownFileType = wrapper.xcdatamodel; path = Bookworm.xcdatamodel; sourceTree = "<group>"; };
		28B30B162AFF7ABF00307467 /* DataController.swift */ = {isa = PBXFileReference; lastKnownFileType = sourcecode.swift; path = DataController.swift; sourceTree = "<group>"; };
		28B30B182AFFD11A00307467 /* AddBookView_Project11.swift */ = {isa = PBXFileReference; lastKnownFileType = sourcecode.swift; path = AddBookView_Project11.swift; sourceTree = "<group>"; };
		28B30B1A2AFFD38100307467 /* BooksView_Project11.swift */ = {isa = PBXFileReference; lastKnownFileType = sourcecode.swift; path = BooksView_Project11.swift; sourceTree = "<group>"; };
		28B30B1C2B00D59F00307467 /* RatingView_Project11.swift */ = {isa = PBXFileReference; lastKnownFileType = sourcecode.swift; path = RatingView_Project11.swift; sourceTree = "<group>"; };
		28B30B1E2B00E25F00307467 /* EmojiRatingView_Project11.swift */ = {isa = PBXFileReference; lastKnownFileType = sourcecode.swift; path = EmojiRatingView_Project11.swift; sourceTree = "<group>"; };
		28B30B202B011B3B00307467 /* DetailView_Project11.swift */ = {isa = PBXFileReference; lastKnownFileType = sourcecode.swift; path = DetailView_Project11.swift; sourceTree = "<group>"; };
		28D47B822AD30C7000157652 /* missions.json */ = {isa = PBXFileReference; fileEncoding = 4; lastKnownFileType = text.json; path = missions.json; sourceTree = "<group>"; };
		28D47B832AD30C7000157652 /* astronauts.json */ = {isa = PBXFileReference; fileEncoding = 4; lastKnownFileType = text.json; path = astronauts.json; sourceTree = "<group>"; };
		28FB286B2B03C2FD003A737E /* HashValue_Project.swift */ = {isa = PBXFileReference; lastKnownFileType = sourcecode.swift; path = HashValue_Project.swift; sourceTree = "<group>"; };
		28FB28742B03CF7B003A737E /* MovieView_Project12.swift */ = {isa = PBXFileReference; lastKnownFileType = sourcecode.swift; path = MovieView_Project12.swift; sourceTree = "<group>"; };
		28FB28762B08B843003A737E /* MivewListView_Project12.swift */ = {isa = PBXFileReference; lastKnownFileType = sourcecode.swift; path = MivewListView_Project12.swift; sourceTree = "<group>"; };
		28FB28782B08BF32003A737E /* SpaceListView_Project12.swift */ = {isa = PBXFileReference; lastKnownFileType = sourcecode.swift; path = SpaceListView_Project12.swift; sourceTree = "<group>"; };
		28FB28822B08C542003A737E /* CoreDataProject.xcdatamodel */ = {isa = PBXFileReference; lastKnownFileType = wrapper.xcdatamodel; path = CoreDataProject.xcdatamodel; sourceTree = "<group>"; };
		28FB28842B08C5DF003A737E /* Movie+CoreDataClass.swift */ = {isa = PBXFileReference; lastKnownFileType = sourcecode.swift; path = "Movie+CoreDataClass.swift"; sourceTree = "<group>"; };
		28FB28852B08C5DF003A737E /* Movie+CoreDataProperties.swift */ = {isa = PBXFileReference; lastKnownFileType = sourcecode.swift; path = "Movie+CoreDataProperties.swift"; sourceTree = "<group>"; };
		28FB28882B09140E003A737E /* SingerView_Project12.swift */ = {isa = PBXFileReference; lastKnownFileType = sourcecode.swift; path = SingerView_Project12.swift; sourceTree = "<group>"; };
		28FB288A2B09143B003A737E /* FilterView_Project12.swift */ = {isa = PBXFileReference; lastKnownFileType = sourcecode.swift; path = FilterView_Project12.swift; sourceTree = "<group>"; };
		28FB288C2B0914A9003A737E /* Singer+CoreDataClass.swift */ = {isa = PBXFileReference; lastKnownFileType = sourcecode.swift; path = "Singer+CoreDataClass.swift"; sourceTree = "<group>"; };
		28FB288D2B0914A9003A737E /* Singer+CoreDataProperties.swift */ = {isa = PBXFileReference; lastKnownFileType = sourcecode.swift; path = "Singer+CoreDataProperties.swift"; sourceTree = "<group>"; };
		28FB28902B0A5759003A737E /* Candy+CoreDataClass.swift */ = {isa = PBXFileReference; lastKnownFileType = sourcecode.swift; path = "Candy+CoreDataClass.swift"; sourceTree = SOURCE_ROOT; };
		28FB28912B0A5759003A737E /* Candy+CoreDataProperties.swift */ = {isa = PBXFileReference; lastKnownFileType = sourcecode.swift; path = "Candy+CoreDataProperties.swift"; sourceTree = SOURCE_ROOT; };
		28FB28922B0A5759003A737E /* Country+CoreDataClass.swift */ = {isa = PBXFileReference; lastKnownFileType = sourcecode.swift; path = "Country+CoreDataClass.swift"; sourceTree = SOURCE_ROOT; };
		28FB28932B0A5759003A737E /* Country+CoreDataProperties.swift */ = {isa = PBXFileReference; lastKnownFileType = sourcecode.swift; path = "Country+CoreDataProperties.swift"; sourceTree = SOURCE_ROOT; };
		28FB28982B0A5E19003A737E /* ConuntryCandyView_Project12.swift */ = {isa = PBXFileReference; lastKnownFileType = sourcecode.swift; path = ConuntryCandyView_Project12.swift; sourceTree = "<group>"; };
		28FB289D2B0E434B003A737E /* ViewBuilderTestView.swift */ = {isa = PBXFileReference; lastKnownFileType = sourcecode.swift; path = ViewBuilderTestView.swift; sourceTree = "<group>"; };
		28FB289F2B0F5BDB003A737E /* JSONDemoView.swift */ = {isa = PBXFileReference; lastKnownFileType = sourcecode.swift; path = JSONDemoView.swift; sourceTree = "<group>"; };
		28FB28A42B0FB348003A737E /* ChallengeUser.swift */ = {isa = PBXFileReference; lastKnownFileType = sourcecode.swift; path = ChallengeUser.swift; sourceTree = "<group>"; };
		28FB28A62B0FB3FB003A737E /* ChallengeUserView.swift */ = {isa = PBXFileReference; lastKnownFileType = sourcecode.swift; path = ChallengeUserView.swift; sourceTree = "<group>"; };
		28FB28A82B121687003A737E /* ChallengeUserDetailView.swift */ = {isa = PBXFileReference; lastKnownFileType = sourcecode.swift; path = ChallengeUserDetailView.swift; sourceTree = "<group>"; };
/* End PBXFileReference section */

/* Begin PBXFrameworksBuildPhase section */
		280E597A2AC1284100DAC8F1 /* Frameworks */ = {
			isa = PBXFrameworksBuildPhase;
			buildActionMask = 2147483647;
			files = (
			);
			runOnlyForDeploymentPostprocessing = 0;
		};
		280E598B2AC1284200DAC8F1 /* Frameworks */ = {
			isa = PBXFrameworksBuildPhase;
			buildActionMask = 2147483647;
			files = (
			);
			runOnlyForDeploymentPostprocessing = 0;
		};
		280E59952AC1284200DAC8F1 /* Frameworks */ = {
			isa = PBXFrameworksBuildPhase;
			buildActionMask = 2147483647;
			files = (
			);
			runOnlyForDeploymentPostprocessing = 0;
		};
/* End PBXFrameworksBuildPhase section */

/* Begin PBXGroup section */
		280E59742AC1284100DAC8F1 = {
			isa = PBXGroup;
			children = (
				280E597F2AC1284100DAC8F1 /* SwiftUIBeginers */,
				280E59912AC1284200DAC8F1 /* SwiftUIBeginersTests */,
				280E599B2AC1284200DAC8F1 /* SwiftUIBeginersUITests */,
				280E597E2AC1284100DAC8F1 /* Products */,
			);
			sourceTree = "<group>";
		};
		280E597E2AC1284100DAC8F1 /* Products */ = {
			isa = PBXGroup;
			children = (
				280E597D2AC1284100DAC8F1 /* SwiftUIBeginers.app */,
				280E598E2AC1284200DAC8F1 /* SwiftUIBeginersTests.xctest */,
				280E59982AC1284200DAC8F1 /* SwiftUIBeginersUITests.xctest */,
			);
			name = Products;
			sourceTree = "<group>";
		};
		280E597F2AC1284100DAC8F1 /* SwiftUIBeginers */ = {
			isa = PBXGroup;
			children = (
				28AD56502B9EF8B30016627E /* Project1 */,
				282E59062B9F54A8000C78A7 /* Project2 */,
				282E590D2BA08E09000C78A7 /* Project3 */,
				282E59132BA16F34000C78A7 /* Project4 */,
				282E59182BA202AC000C78A7 /* Project5 */,
				282E591F2BA4392C000C78A7 /* Project6 */,
				282E59032B9F4350000C78A7 /* Challenges */,
				282E59262BA5F095000C78A7 /* Project7 */,
				282E592D2BA6E9AC000C78A7 /* Project8 */,
				282E593A2BA87FE3000C78A7 /* Project9 */,
				280E59802AC1284100DAC8F1 /* SwiftUIBeginersApp.swift */,
				280E59822AC1284100DAC8F1 /* ContentView.swift */,
				28FB289A2B0CFE01003A737E /* Milestone_10-12 */,
				287CA0432AF3F95D004DC41A /* Project10 */,
				28B30B0B2AFD385000307467 /* Project11 */,
				28FB28692B03BE6D003A737E /* Project12 */,
				2830A1F32ACD12A400D10B66 /* Challenges2 */,
				285B888E2AC3FCA10078D3F0 /* Projects */,
				285B88982AC72E770078D3F0 /* D0930 */,
				284612EA2ADBFD0500E284B7 /* D1015 */,
				284612F52AE5019600E284B7 /* D1022 */,
				280E59862AC1284200DAC8F1 /* SwiftUIBeginers.entitlements */,
				2830A1E82ACA5A8F00D10B66 /* start.txt */,
				28D47B832AD30C7000157652 /* astronauts.json */,
				28D47B822AD30C7000157652 /* missions.json */,
				285B889D2AC820C80078D3F0 /* SleepCalculator.mlmodel */,
				280E59842AC1284200DAC8F1 /* Assets.xcassets */,
				280E59872AC1284200DAC8F1 /* Preview Content */,
			);
			path = SwiftUIBeginers;
			sourceTree = "<group>";
		};
		280E59872AC1284200DAC8F1 /* Preview Content */ = {
			isa = PBXGroup;
			children = (
				280E59882AC1284200DAC8F1 /* Preview Assets.xcassets */,
			);
			path = "Preview Content";
			sourceTree = "<group>";
		};
		280E59912AC1284200DAC8F1 /* SwiftUIBeginersTests */ = {
			isa = PBXGroup;
			children = (
				280E59922AC1284200DAC8F1 /* SwiftUIBeginersTests.swift */,
			);
			path = SwiftUIBeginersTests;
			sourceTree = "<group>";
		};
		280E599B2AC1284200DAC8F1 /* SwiftUIBeginersUITests */ = {
			isa = PBXGroup;
			children = (
				280E599C2AC1284200DAC8F1 /* SwiftUIBeginersUITests.swift */,
				280E599E2AC1284200DAC8F1 /* SwiftUIBeginersUITestsLaunchTests.swift */,
			);
			path = SwiftUIBeginersUITests;
			sourceTree = "<group>";
		};
		282E59032B9F4350000C78A7 /* Challenges */ = {
			isa = PBXGroup;
			children = (
				282E59042B9F437A000C78A7 /* Challenge1.swift */,
				282E59112BA14420000C78A7 /* ChallengeMilstone1-3.swift */,
				282E590B2BA03E8F000C78A7 /* Challenge2.swift */,
				282E591D2BA424D4000C78A7 /* Challenge3.swift */,
				282E59242BA599AE000C78A7 /* ChallengeMilstone4-6.swift */,
				282E59492BAA8030000C78A7 /* ChallengeMilstone7-9 */,
			);
			path = Challenges;
			sourceTree = "<group>";
		};
		282E59062B9F54A8000C78A7 /* Project2 */ = {
			isa = PBXGroup;
			children = (
				282E59072B9F54D2000C78A7 /* Pro2Part1.swift */,
				282E59092B9FFA1A000C78A7 /* Pro2Part2.swift */,
			);
			path = Project2;
			sourceTree = "<group>";
		};
		282E590D2BA08E09000C78A7 /* Project3 */ = {
			isa = PBXGroup;
			children = (
				282E590E2BA08E55000C78A7 /* Pro3Part1.swift */,
			);
			path = Project3;
			sourceTree = "<group>";
		};
		282E59132BA16F34000C78A7 /* Project4 */ = {
			isa = PBXGroup;
			children = (
				282E59142BA16F53000C78A7 /* Pro4Part1.swift */,
				282E59162BA19CF1000C78A7 /* Pro4Part2.swift */,
			);
			path = Project4;
			sourceTree = "<group>";
		};
		282E59182BA202AC000C78A7 /* Project5 */ = {
			isa = PBXGroup;
			children = (
				282E59192BA202C4000C78A7 /* Pro5Part1.swift */,
				282E591B2BA3538A000C78A7 /* Pro5Part2.swift */,
			);
			path = Project5;
			sourceTree = "<group>";
		};
		282E591F2BA4392C000C78A7 /* Project6 */ = {
			isa = PBXGroup;
			children = (
				282E59202BA43941000C78A7 /* Pro6Part1.swift */,
				282E59222BA4A0C4000C78A7 /* Pro6Part2.swift */,
			);
			path = Project6;
			sourceTree = "<group>";
		};
		282E59262BA5F095000C78A7 /* Project7 */ = {
			isa = PBXGroup;
			children = (
				282E59272BA5F0AF000C78A7 /* Pro7Part1.swift */,
				282E59292BA6996A000C78A7 /* Pro7Part2.swift */,
				282E592B2BA6B32F000C78A7 /* Pro7Part3.swift */,
				282E59432BA97E41000C78A7 /* Pro7Part4-Challenge.swift */,
				282E59452BA98506000C78A7 /* Pro7Part5-Challenge.swift */,
			);
			path = Project7;
			sourceTree = "<group>";
		};
		282E592D2BA6E9AC000C78A7 /* Project8 */ = {
			isa = PBXGroup;
			children = (
				282E592E2BA6E9E7000C78A7 /* Pro8Part1.swift */,
				282E59302BA6F5C3000C78A7 /* Pro8Part2.swift */,
				282E59342BA7E3A8000C78A7 /* Pro8PoJO.swift */,
				282E59322BA7E2C4000C78A7 /* Pro8Part3.swift */,
				282E59362BA81D3A000C78A7 /* Pro8Part4.swift */,
				282E59382BA83010000C78A7 /* Pro8Part5.swift */,
				282E59472BA98A0E000C78A7 /* Pro8Part6-Challenge.swift */,
			);
			path = Project8;
			sourceTree = "<group>";
		};
		282E593A2BA87FE3000C78A7 /* Project9 */ = {
			isa = PBXGroup;
			children = (
				282E593B2BA87FF6000C78A7 /* Pro9Part1.swift */,
				282E593D2BA88F9E000C78A7 /* Pro9Part2.swift */,
				282E593F2BA95879000C78A7 /* Pro9Part3.swift */,
				282E59412BA96BD9000C78A7 /* Pro9Part4.swift */,
			);
			path = Project9;
			sourceTree = "<group>";
		};
		282E59492BAA8030000C78A7 /* ChallengeMilstone7-9 */ = {
			isa = PBXGroup;
			children = (
				282E594A2BAA8064000C78A7 /* ChallengeMillstone7-9.swift */,
				282E594E2BAA8C3D000C78A7 /* ChallengeMillstone-View.swift */,
				282E594C2BAA8B2B000C78A7 /* ChallengeMillstonePOJO.swift */,
			);
			path = "ChallengeMilstone7-9";
			sourceTree = "<group>";
		};
		2830A1F32ACD12A400D10B66 /* Challenges2 */ = {
			isa = PBXGroup;
			children = (
				28FB28A12B0FB218003A737E /* Challenge56 */,
				2885AF3E2AEE9CCD00E89B0C /* Challenge47 */,
				280E59AB2AC1286600DAC8F1 /* ChallengeOne.swift */,
				2830A1F42ACD930300D10B66 /* ChallengeThree_reference.swift */,
				2830A1FA2ACDB89B00D10B66 /* QuizView.swift */,
				2830A1F82ACDA0E100D10B66 /* ChallengeThree.swift */,
				285B88962AC5C8FC0078D3F0 /* ChallengeTwo.swift */,
				284613042AEABEA500E284B7 /* ChallengeNineArrow.swift */,
				2830A1F62ACD97B800D10B66 /* QuizView_reference.swift */,
			);
			path = Challenges2;
			sourceTree = "<group>";
		};
		284612EA2ADBFD0500E284B7 /* D1015 */ = {
			isa = PBXGroup;
			children = (
				284612EB2ADBFF3100E284B7 /* SwiftUIViewPathDeom.swift */,
				284612F32AE4F9A900E284B7 /* SwiftUIViewColorCircular.swift */,
				284612ED2ADC281E00E284B7 /* SwiftUIViewBoard.swift */,
				284612EF2ADD88F700E284B7 /* SwiftUIViewCG.swift */,
				284612F12ADEDB3F00E284B7 /* SwiftUIViewImagePaint.swift */,
			);
			path = D1015;
			sourceTree = "<group>";
		};
		284612F52AE5019600E284B7 /* D1022 */ = {
			isa = PBXGroup;
			children = (
				284612F62AE501BB00E284B7 /* SwiftUIViewBlurs.swift */,
				284612FA2AE5236700E284B7 /* SwiftUIViewShapeAnimatable.swift */,
				284612F82AE51D2300E284B7 /* SwiftUIViewPicBlurs.swift */,
				284613022AEAB32E00E284B7 /* SwiftUIViewTest.swift */,
				284612FE2AE585E100E284B7 /* SwiftUIViewRactangleAnimatable.swift */,
				2885AF3C2AED5F6E00E89B0C /* SwiftUIViewColorCyclingRectangle.swift */,
				284613002AE6C57100E284B7 /* SwiftUIViewAmazingSpirograph.swift */,
				284612FC2AE5256F00E284B7 /* SwiftUIViewPentagram.swift */,
			);
			path = D1022;
			sourceTree = "<group>";
		};
		285B888E2AC3FCA10078D3F0 /* Projects */ = {
			isa = PBXGroup;
			children = (
				285B888F2AC3FCBD0078D3F0 /* Project1.swift */,
				285B88912AC474780078D3F0 /* Project2.swift */,
			);
			path = Projects;
			sourceTree = "<group>";
		};
		285B88982AC72E770078D3F0 /* D0930 */ = {
			isa = PBXGroup;
			children = (
				285B88992AC72E890078D3F0 /* SwiftUIViewDate.swift */,
				285B889B2AC81CB40078D3F0 /* SwiftUIViewBetterRest.swift */,
			);
			path = D0930;
			sourceTree = "<group>";
		};
		287CA0432AF3F95D004DC41A /* Project10 */ = {
			isa = PBXGroup;
			children = (
				28B30B022AF8E1F600307467 /* Feature */,
				28B30B032AFA91DB00307467 /* Order_Project10.swift */,
				28B30B052AFA931000307467 /* OrderView_Project10.swift */,
				28B30B092AFB302500307467 /* CheckoutView_Project10.swift */,
				28B30B072AFB2B9D00307467 /* AddressView_Project10.swift */,
			);
			path = Project10;
			sourceTree = "<group>";
		};
		2885AF3E2AEE9CCD00E89B0C /* Challenge47 */ = {
			isa = PBXGroup;
			children = (
				2885AF3F2AEE9CF600E89B0C /* Challenge47Days.swift */,
				2885AF412AEFF76600E89B0C /* Habit.swift */,
				2885AF432AEFFA3700E89B0C /* HabitItem.swift */,
				2885AF452AEFFBDB00E89B0C /* HabitItemView.swift */,
				287CA0412AF38668004DC41A /* HabitView.swift */,
			);
			path = Challenge47;
			sourceTree = "<group>";
		};
		28AD56502B9EF8B30016627E /* Project1 */ = {
			isa = PBXGroup;
			children = (
				28AD564E2B9EE6360016627E /* DemoPart1.swift */,
				28AD56512B9EF9A90016627E /* DemoPart2.swift */,
			);
			path = Project1;
			sourceTree = "<group>";
		};
		28B30B022AF8E1F600307467 /* Feature */ = {
			isa = PBXGroup;
			children = (
				28B30AFA2AF7E2D000307467 /* SwiftUIViewCodableToLearn.swift */,
				28B30B002AF8DF2800307467 /* SwiftUIViewFromDisable.swift */,
				28B30AFC2AF8CBE500307467 /* SwiftUIViewResponse.swift */,
				28B30AFE2AF8D7A900307467 /* SwiftUIViewAsyncImage.swift */,
			);
			path = Feature;
			sourceTree = "<group>";
		};
		28B30B0B2AFD385000307467 /* Project11 */ = {
			isa = PBXGroup;
			children = (
				28B30B132AFF7A8800307467 /* Bookworm.xcdatamodeld */,
				28B30B0C2AFDE3A300307467 /* Feature */,
				28B30B182AFFD11A00307467 /* AddBookView_Project11.swift */,
				28B30B1A2AFFD38100307467 /* BooksView_Project11.swift */,
				28B30B1E2B00E25F00307467 /* EmojiRatingView_Project11.swift */,
				28B30B202B011B3B00307467 /* DetailView_Project11.swift */,
				28B30B1C2B00D59F00307467 /* RatingView_Project11.swift */,
			);
			path = Project11;
			sourceTree = "<group>";
		};
		28B30B0C2AFDE3A300307467 /* Feature */ = {
			isa = PBXGroup;
			children = (
				28B30B0D2AFDE3BA00307467 /* SwiftUIViewCustom.swift */,
				28B30B0F2AFDFFCD00307467 /* MultipleText_Project11.swift */,
				28B30B162AFF7ABF00307467 /* DataController.swift */,
				28B30B112AFE076700307467 /* CoreData_Project11.swift */,
			);
			path = Feature;
			sourceTree = "<group>";
		};
		28FB28692B03BE6D003A737E /* Project12 */ = {
			isa = PBXGroup;
			children = (
				28FB28902B0A5759003A737E /* Candy+CoreDataClass.swift */,
				28FB28912B0A5759003A737E /* Candy+CoreDataProperties.swift */,
				28FB28922B0A5759003A737E /* Country+CoreDataClass.swift */,
				28FB28932B0A5759003A737E /* Country+CoreDataProperties.swift */,
				28FB28982B0A5E19003A737E /* ConuntryCandyView_Project12.swift */,
				28FB28812B08C542003A737E /* CoreDataProject.xcdatamodeld */,
				28FB286A2B03C2E1003A737E /* Feature */,
			);
			path = Project12;
			sourceTree = "<group>";
		};
		28FB286A2B03C2E1003A737E /* Feature */ = {
			isa = PBXGroup;
			children = (
				28FB288C2B0914A9003A737E /* Singer+CoreDataClass.swift */,
				28FB288D2B0914A9003A737E /* Singer+CoreDataProperties.swift */,
				28FB28842B08C5DF003A737E /* Movie+CoreDataClass.swift */,
				28FB28852B08C5DF003A737E /* Movie+CoreDataProperties.swift */,
				28FB286B2B03C2FD003A737E /* HashValue_Project.swift */,
				28FB28742B03CF7B003A737E /* MovieView_Project12.swift */,
				28FB28782B08BF32003A737E /* SpaceListView_Project12.swift */,
				28FB28882B09140E003A737E /* SingerView_Project12.swift */,
				28FB288A2B09143B003A737E /* FilterView_Project12.swift */,
				28FB28762B08B843003A737E /* MivewListView_Project12.swift */,
			);
			path = Feature;
			sourceTree = "<group>";
		};
		28FB289A2B0CFE01003A737E /* Milestone_10-12 */ = {
			isa = PBXGroup;
			children = (
				28FB289D2B0E434B003A737E /* ViewBuilderTestView.swift */,
				28FB289F2B0F5BDB003A737E /* JSONDemoView.swift */,
			);
			path = "Milestone_10-12";
			sourceTree = "<group>";
		};
		28FB28A12B0FB218003A737E /* Challenge56 */ = {
			isa = PBXGroup;
			children = (
				28FB28A42B0FB348003A737E /* ChallengeUser.swift */,
				28FB28A62B0FB3FB003A737E /* ChallengeUserView.swift */,
				28FB28A82B121687003A737E /* ChallengeUserDetailView.swift */,
			);
			path = Challenge56;
			sourceTree = "<group>";
		};
/* End PBXGroup section */

/* Begin PBXNativeTarget section */
		280E597C2AC1284100DAC8F1 /* SwiftUIBeginers */ = {
			isa = PBXNativeTarget;
			buildConfigurationList = 280E59A22AC1284200DAC8F1 /* Build configuration list for PBXNativeTarget "SwiftUIBeginers" */;
			buildPhases = (
				280E59792AC1284100DAC8F1 /* Sources */,
				280E597A2AC1284100DAC8F1 /* Frameworks */,
				280E597B2AC1284100DAC8F1 /* Resources */,
			);
			buildRules = (
			);
			dependencies = (
			);
			name = SwiftUIBeginers;
			productName = SwiftUIBeginers;
			productReference = 280E597D2AC1284100DAC8F1 /* SwiftUIBeginers.app */;
			productType = "com.apple.product-type.application";
		};
		280E598D2AC1284200DAC8F1 /* SwiftUIBeginersTests */ = {
			isa = PBXNativeTarget;
			buildConfigurationList = 280E59A52AC1284200DAC8F1 /* Build configuration list for PBXNativeTarget "SwiftUIBeginersTests" */;
			buildPhases = (
				280E598A2AC1284200DAC8F1 /* Sources */,
				280E598B2AC1284200DAC8F1 /* Frameworks */,
				280E598C2AC1284200DAC8F1 /* Resources */,
			);
			buildRules = (
			);
			dependencies = (
				280E59902AC1284200DAC8F1 /* PBXTargetDependency */,
			);
			name = SwiftUIBeginersTests;
			productName = SwiftUIBeginersTests;
			productReference = 280E598E2AC1284200DAC8F1 /* SwiftUIBeginersTests.xctest */;
			productType = "com.apple.product-type.bundle.unit-test";
		};
		280E59972AC1284200DAC8F1 /* SwiftUIBeginersUITests */ = {
			isa = PBXNativeTarget;
			buildConfigurationList = 280E59A82AC1284200DAC8F1 /* Build configuration list for PBXNativeTarget "SwiftUIBeginersUITests" */;
			buildPhases = (
				280E59942AC1284200DAC8F1 /* Sources */,
				280E59952AC1284200DAC8F1 /* Frameworks */,
				280E59962AC1284200DAC8F1 /* Resources */,
			);
			buildRules = (
			);
			dependencies = (
				280E599A2AC1284200DAC8F1 /* PBXTargetDependency */,
			);
			name = SwiftUIBeginersUITests;
			productName = SwiftUIBeginersUITests;
			productReference = 280E59982AC1284200DAC8F1 /* SwiftUIBeginersUITests.xctest */;
			productType = "com.apple.product-type.bundle.ui-testing";
		};
/* End PBXNativeTarget section */

/* Begin PBXProject section */
		280E59752AC1284100DAC8F1 /* Project object */ = {
			isa = PBXProject;
			attributes = {
				BuildIndependentTargetsInParallel = 1;
				LastSwiftUpdateCheck = 1430;
				LastUpgradeCheck = 1430;
				TargetAttributes = {
					280E597C2AC1284100DAC8F1 = {
						CreatedOnToolsVersion = 14.3.1;
					};
					280E598D2AC1284200DAC8F1 = {
						CreatedOnToolsVersion = 14.3.1;
						TestTargetID = 280E597C2AC1284100DAC8F1;
					};
					280E59972AC1284200DAC8F1 = {
						CreatedOnToolsVersion = 14.3.1;
						TestTargetID = 280E597C2AC1284100DAC8F1;
					};
				};
			};
			buildConfigurationList = 280E59782AC1284100DAC8F1 /* Build configuration list for PBXProject "SwiftUIBeginers" */;
			compatibilityVersion = "Xcode 14.0";
			developmentRegion = en;
			hasScannedForEncodings = 0;
			knownRegions = (
				en,
				Base,
			);
			mainGroup = 280E59742AC1284100DAC8F1;
			productRefGroup = 280E597E2AC1284100DAC8F1 /* Products */;
			projectDirPath = "";
			projectRoot = "";
			targets = (
				280E597C2AC1284100DAC8F1 /* SwiftUIBeginers */,
				280E598D2AC1284200DAC8F1 /* SwiftUIBeginersTests */,
				280E59972AC1284200DAC8F1 /* SwiftUIBeginersUITests */,
			);
		};
/* End PBXProject section */

/* Begin PBXResourcesBuildPhase section */
		280E597B2AC1284100DAC8F1 /* Resources */ = {
			isa = PBXResourcesBuildPhase;
			buildActionMask = 2147483647;
			files = (
				280E59892AC1284200DAC8F1 /* Preview Assets.xcassets in Resources */,
				2830A1E92ACA5A8F00D10B66 /* start.txt in Resources */,
				28D47B842AD30C7000157652 /* missions.json in Resources */,
				28D47B852AD30C7000157652 /* astronauts.json in Resources */,
				280E59852AC1284200DAC8F1 /* Assets.xcassets in Resources */,
			);
			runOnlyForDeploymentPostprocessing = 0;
		};
		280E598C2AC1284200DAC8F1 /* Resources */ = {
			isa = PBXResourcesBuildPhase;
			buildActionMask = 2147483647;
			files = (
			);
			runOnlyForDeploymentPostprocessing = 0;
		};
		280E59962AC1284200DAC8F1 /* Resources */ = {
			isa = PBXResourcesBuildPhase;
			buildActionMask = 2147483647;
			files = (
			);
			runOnlyForDeploymentPostprocessing = 0;
		};
/* End PBXResourcesBuildPhase section */

/* Begin PBXSourcesBuildPhase section */
		280E59792AC1284100DAC8F1 /* Sources */ = {
			isa = PBXSourcesBuildPhase;
			buildActionMask = 2147483647;
			files = (
				282E590C2BA03E8F000C78A7 /* Challenge2.swift in Sources */,
				28FB28792B08BF32003A737E /* SpaceListView_Project12.swift in Sources */,
				284612F42AE4F9A900E284B7 /* SwiftUIViewColorCircular.swift in Sources */,
				282E59402BA95879000C78A7 /* Pro9Part3.swift in Sources */,
				285B88922AC474780078D3F0 /* Project2.swift in Sources */,
				282E59312BA6F5C3000C78A7 /* Pro8Part2.swift in Sources */,
				282E59462BA98506000C78A7 /* Pro7Part5-Challenge.swift in Sources */,
				282E59172BA19CF1000C78A7 /* Pro4Part2.swift in Sources */,
				28B30B042AFA91DB00307467 /* Order_Project10.swift in Sources */,
				28FB286C2B03C2FD003A737E /* HashValue_Project.swift in Sources */,
				28FB28942B0A5759003A737E /* Candy+CoreDataClass.swift in Sources */,
				28FB288B2B09143B003A737E /* FilterView_Project12.swift in Sources */,
				28FB288E2B0914A9003A737E /* Singer+CoreDataClass.swift in Sources */,
				28B30B152AFF7A8800307467 /* Bookworm.xcdatamodeld in Sources */,
				282E593C2BA87FF6000C78A7 /* Pro9Part1.swift in Sources */,
				280E59832AC1284100DAC8F1 /* ContentView.swift in Sources */,
				287CA0422AF38668004DC41A /* HabitView.swift in Sources */,
				282E593E2BA88F9E000C78A7 /* Pro9Part2.swift in Sources */,
				285B88902AC3FCBD0078D3F0 /* Project1.swift in Sources */,
				28FB28A52B0FB348003A737E /* ChallengeUser.swift in Sources */,
				284613052AEABEA500E284B7 /* ChallengeNineArrow.swift in Sources */,
				28B30B172AFF7ABF00307467 /* DataController.swift in Sources */,
				282E591E2BA424D4000C78A7 /* Challenge3.swift in Sources */,
				28B30B0A2AFB302500307467 /* CheckoutView_Project10.swift in Sources */,
				282E591A2BA202C4000C78A7 /* Pro5Part1.swift in Sources */,
				282E59372BA81D3A000C78A7 /* Pro8Part4.swift in Sources */,
				28B30B062AFA931000307467 /* OrderView_Project10.swift in Sources */,
				28AD56522B9EF9A90016627E /* DemoPart2.swift in Sources */,
				28B30AFF2AF8D7A900307467 /* SwiftUIViewAsyncImage.swift in Sources */,
				2885AF402AEE9CF600E89B0C /* Challenge47Days.swift in Sources */,
				2830A1FB2ACDB89B00D10B66 /* QuizView.swift in Sources */,
				284612FB2AE5236700E284B7 /* SwiftUIViewShapeAnimatable.swift in Sources */,
				282E59422BA96BD9000C78A7 /* Pro9Part4.swift in Sources */,
				284612F22ADEDB3F00E284B7 /* SwiftUIViewImagePaint.swift in Sources */,
				282E59352BA7E3A8000C78A7 /* Pro8PoJO.swift in Sources */,
				28FB28962B0A5759003A737E /* Country+CoreDataClass.swift in Sources */,
				280E59812AC1284100DAC8F1 /* SwiftUIBeginersApp.swift in Sources */,
				284612F72AE501BB00E284B7 /* SwiftUIViewBlurs.swift in Sources */,
				282E594F2BAA8C3D000C78A7 /* ChallengeMillstone-View.swift in Sources */,
				28FB28892B09140E003A737E /* SingerView_Project12.swift in Sources */,
				282E59252BA599AE000C78A7 /* ChallengeMilstone4-6.swift in Sources */,
				282E594D2BAA8B2B000C78A7 /* ChallengeMillstonePOJO.swift in Sources */,
				282E59482BA98A0E000C78A7 /* Pro8Part6-Challenge.swift in Sources */,
				28FB28832B08C542003A737E /* CoreDataProject.xcdatamodeld in Sources */,
				28FB288F2B0914A9003A737E /* Singer+CoreDataProperties.swift in Sources */,
				282E59282BA5F0AF000C78A7 /* Pro7Part1.swift in Sources */,
				285B889A2AC72E890078D3F0 /* SwiftUIViewDate.swift in Sources */,
				282E59052B9F437A000C78A7 /* Challenge1.swift in Sources */,
				282E592C2BA6B32F000C78A7 /* Pro7Part3.swift in Sources */,
				28B30B0E2AFDE3BA00307467 /* SwiftUIViewCustom.swift in Sources */,
				282E59232BA4A0C4000C78A7 /* Pro6Part2.swift in Sources */,
				282E592F2BA6E9E7000C78A7 /* Pro8Part1.swift in Sources */,
				282E59332BA7E2C4000C78A7 /* Pro8Part3.swift in Sources */,
				28B30B012AF8DF2800307467 /* SwiftUIViewFromDisable.swift in Sources */,
				282E59152BA16F53000C78A7 /* Pro4Part1.swift in Sources */,
				2830A1F92ACDA0E100D10B66 /* ChallengeThree.swift in Sources */,
				28FB28872B08C5DF003A737E /* Movie+CoreDataProperties.swift in Sources */,
				285B889C2AC81CB40078D3F0 /* SwiftUIViewBetterRest.swift in Sources */,
				2830A1F72ACD97B800D10B66 /* QuizView_reference.swift in Sources */,
				28B30B1B2AFFD38100307467 /* BooksView_Project11.swift in Sources */,
				284612FF2AE585E100E284B7 /* SwiftUIViewRactangleAnimatable.swift in Sources */,
				282E591C2BA3538A000C78A7 /* Pro5Part2.swift in Sources */,
				28FB28A02B0F5BDB003A737E /* JSONDemoView.swift in Sources */,
				282E594B2BAA8064000C78A7 /* ChallengeMillstone7-9.swift in Sources */,
				282E59212BA43941000C78A7 /* Pro6Part1.swift in Sources */,
				282E592A2BA6996A000C78A7 /* Pro7Part2.swift in Sources */,
				282E59442BA97E41000C78A7 /* Pro7Part4-Challenge.swift in Sources */,
				28FB28A92B121687003A737E /* ChallengeUserDetailView.swift in Sources */,
				28FB28952B0A5759003A737E /* Candy+CoreDataProperties.swift in Sources */,
				28B30B1F2B00E25F00307467 /* EmojiRatingView_Project11.swift in Sources */,
				28B30AFD2AF8CBE500307467 /* SwiftUIViewResponse.swift in Sources */,
				284613012AE6C57100E284B7 /* SwiftUIViewAmazingSpirograph.swift in Sources */,
				282E590F2BA08E55000C78A7 /* Pro3Part1.swift in Sources */,
				28B30B212B011B3B00307467 /* DetailView_Project11.swift in Sources */,
				2885AF462AEFFBDB00E89B0C /* HabitItemView.swift in Sources */,
				284612F92AE51D2300E284B7 /* SwiftUIViewPicBlurs.swift in Sources */,
				28FB28992B0A5E19003A737E /* ConuntryCandyView_Project12.swift in Sources */,
				2885AF3D2AED5F6E00E89B0C /* SwiftUIViewColorCyclingRectangle.swift in Sources */,
				28B30AFB2AF7E2D000307467 /* SwiftUIViewCodableToLearn.swift in Sources */,
				2885AF442AEFFA3700E89B0C /* HabitItem.swift in Sources */,
				2885AF422AEFF76600E89B0C /* Habit.swift in Sources */,
				28B30B102AFDFFCD00307467 /* MultipleText_Project11.swift in Sources */,
				285B889E2AC820C80078D3F0 /* SleepCalculator.mlmodel in Sources */,
				28FB28972B0A5759003A737E /* Country+CoreDataProperties.swift in Sources */,
				2830A1F52ACD930300D10B66 /* ChallengeThree_reference.swift in Sources */,
				282E59122BA14420000C78A7 /* ChallengeMilstone1-3.swift in Sources */,
				28FB28A72B0FB3FB003A737E /* ChallengeUserView.swift in Sources */,
				284612EC2ADBFF3100E284B7 /* SwiftUIViewPathDeom.swift in Sources */,
				28AD564F2B9EE6360016627E /* DemoPart1.swift in Sources */,
				28FB289E2B0E434B003A737E /* ViewBuilderTestView.swift in Sources */,
				28B30B1D2B00D59F00307467 /* RatingView_Project11.swift in Sources */,
				28FB28772B08B843003A737E /* MivewListView_Project12.swift in Sources */,
				284612EE2ADC281E00E284B7 /* SwiftUIViewBoard.swift in Sources */,
				282E59082B9F54D2000C78A7 /* Pro2Part1.swift in Sources */,
				285B88972AC5C8FC0078D3F0 /* ChallengeTwo.swift in Sources */,
				282E590A2B9FFA1A000C78A7 /* Pro2Part2.swift in Sources */,
				28FB28862B08C5DF003A737E /* Movie+CoreDataClass.swift in Sources */,
				28B30B082AFB2B9D00307467 /* AddressView_Project10.swift in Sources */,
				284612F02ADD88F700E284B7 /* SwiftUIViewCG.swift in Sources */,
				284613032AEAB32E00E284B7 /* SwiftUIViewTest.swift in Sources */,
				28B30B192AFFD11A00307467 /* AddBookView_Project11.swift in Sources */,
				280E59AC2AC1286600DAC8F1 /* ChallengeOne.swift in Sources */,
				28B30B122AFE076700307467 /* CoreData_Project11.swift in Sources */,
				284612FD2AE5256F00E284B7 /* SwiftUIViewPentagram.swift in Sources */,
				28FB28752B03CF7B003A737E /* MovieView_Project12.swift in Sources */,
				282E59392BA83010000C78A7 /* Pro8Part5.swift in Sources */,
			);
			runOnlyForDeploymentPostprocessing = 0;
		};
		280E598A2AC1284200DAC8F1 /* Sources */ = {
			isa = PBXSourcesBuildPhase;
			buildActionMask = 2147483647;
			files = (
				280E59932AC1284200DAC8F1 /* SwiftUIBeginersTests.swift in Sources */,
			);
			runOnlyForDeploymentPostprocessing = 0;
		};
		280E59942AC1284200DAC8F1 /* Sources */ = {
			isa = PBXSourcesBuildPhase;
			buildActionMask = 2147483647;
			files = (
				280E599D2AC1284200DAC8F1 /* SwiftUIBeginersUITests.swift in Sources */,
				280E599F2AC1284200DAC8F1 /* SwiftUIBeginersUITestsLaunchTests.swift in Sources */,
			);
			runOnlyForDeploymentPostprocessing = 0;
		};
/* End PBXSourcesBuildPhase section */

/* Begin PBXTargetDependency section */
		280E59902AC1284200DAC8F1 /* PBXTargetDependency */ = {
			isa = PBXTargetDependency;
			target = 280E597C2AC1284100DAC8F1 /* SwiftUIBeginers */;
			targetProxy = 280E598F2AC1284200DAC8F1 /* PBXContainerItemProxy */;
		};
		280E599A2AC1284200DAC8F1 /* PBXTargetDependency */ = {
			isa = PBXTargetDependency;
			target = 280E597C2AC1284100DAC8F1 /* SwiftUIBeginers */;
			targetProxy = 280E59992AC1284200DAC8F1 /* PBXContainerItemProxy */;
		};
/* End PBXTargetDependency section */

/* Begin XCBuildConfiguration section */
		280E59A02AC1284200DAC8F1 /* Debug */ = {
			isa = XCBuildConfiguration;
			buildSettings = {
				ALWAYS_SEARCH_USER_PATHS = NO;
				CLANG_ANALYZER_NONNULL = YES;
				CLANG_ANALYZER_NUMBER_OBJECT_CONVERSION = YES_AGGRESSIVE;
				CLANG_CXX_LANGUAGE_STANDARD = "gnu++20";
				CLANG_ENABLE_MODULES = YES;
				CLANG_ENABLE_OBJC_ARC = YES;
				CLANG_ENABLE_OBJC_WEAK = YES;
				CLANG_WARN_BLOCK_CAPTURE_AUTORELEASING = YES;
				CLANG_WARN_BOOL_CONVERSION = YES;
				CLANG_WARN_COMMA = YES;
				CLANG_WARN_CONSTANT_CONVERSION = YES;
				CLANG_WARN_DEPRECATED_OBJC_IMPLEMENTATIONS = YES;
				CLANG_WARN_DIRECT_OBJC_ISA_USAGE = YES_ERROR;
				CLANG_WARN_DOCUMENTATION_COMMENTS = YES;
				CLANG_WARN_EMPTY_BODY = YES;
				CLANG_WARN_ENUM_CONVERSION = YES;
				CLANG_WARN_INFINITE_RECURSION = YES;
				CLANG_WARN_INT_CONVERSION = YES;
				CLANG_WARN_NON_LITERAL_NULL_CONVERSION = YES;
				CLANG_WARN_OBJC_IMPLICIT_RETAIN_SELF = YES;
				CLANG_WARN_OBJC_LITERAL_CONVERSION = YES;
				CLANG_WARN_OBJC_ROOT_CLASS = YES_ERROR;
				CLANG_WARN_QUOTED_INCLUDE_IN_FRAMEWORK_HEADER = YES;
				CLANG_WARN_RANGE_LOOP_ANALYSIS = YES;
				CLANG_WARN_STRICT_PROTOTYPES = YES;
				CLANG_WARN_SUSPICIOUS_MOVE = YES;
				CLANG_WARN_UNGUARDED_AVAILABILITY = YES_AGGRESSIVE;
				CLANG_WARN_UNREACHABLE_CODE = YES;
				CLANG_WARN__DUPLICATE_METHOD_MATCH = YES;
				COPY_PHASE_STRIP = NO;
				DEBUG_INFORMATION_FORMAT = dwarf;
				ENABLE_STRICT_OBJC_MSGSEND = YES;
				ENABLE_TESTABILITY = YES;
				GCC_C_LANGUAGE_STANDARD = gnu11;
				GCC_DYNAMIC_NO_PIC = NO;
				GCC_NO_COMMON_BLOCKS = YES;
				GCC_OPTIMIZATION_LEVEL = 0;
				GCC_PREPROCESSOR_DEFINITIONS = (
					"DEBUG=1",
					"$(inherited)",
				);
				GCC_WARN_64_TO_32_BIT_CONVERSION = YES;
				GCC_WARN_ABOUT_RETURN_TYPE = YES_ERROR;
				GCC_WARN_UNDECLARED_SELECTOR = YES;
				GCC_WARN_UNINITIALIZED_AUTOS = YES_AGGRESSIVE;
				GCC_WARN_UNUSED_FUNCTION = YES;
				GCC_WARN_UNUSED_VARIABLE = YES;
				MTL_ENABLE_DEBUG_INFO = INCLUDE_SOURCE;
				MTL_FAST_MATH = YES;
				ONLY_ACTIVE_ARCH = YES;
				SWIFT_ACTIVE_COMPILATION_CONDITIONS = DEBUG;
				SWIFT_OPTIMIZATION_LEVEL = "-Onone";
			};
			name = Debug;
		};
		280E59A12AC1284200DAC8F1 /* Release */ = {
			isa = XCBuildConfiguration;
			buildSettings = {
				ALWAYS_SEARCH_USER_PATHS = NO;
				CLANG_ANALYZER_NONNULL = YES;
				CLANG_ANALYZER_NUMBER_OBJECT_CONVERSION = YES_AGGRESSIVE;
				CLANG_CXX_LANGUAGE_STANDARD = "gnu++20";
				CLANG_ENABLE_MODULES = YES;
				CLANG_ENABLE_OBJC_ARC = YES;
				CLANG_ENABLE_OBJC_WEAK = YES;
				CLANG_WARN_BLOCK_CAPTURE_AUTORELEASING = YES;
				CLANG_WARN_BOOL_CONVERSION = YES;
				CLANG_WARN_COMMA = YES;
				CLANG_WARN_CONSTANT_CONVERSION = YES;
				CLANG_WARN_DEPRECATED_OBJC_IMPLEMENTATIONS = YES;
				CLANG_WARN_DIRECT_OBJC_ISA_USAGE = YES_ERROR;
				CLANG_WARN_DOCUMENTATION_COMMENTS = YES;
				CLANG_WARN_EMPTY_BODY = YES;
				CLANG_WARN_ENUM_CONVERSION = YES;
				CLANG_WARN_INFINITE_RECURSION = YES;
				CLANG_WARN_INT_CONVERSION = YES;
				CLANG_WARN_NON_LITERAL_NULL_CONVERSION = YES;
				CLANG_WARN_OBJC_IMPLICIT_RETAIN_SELF = YES;
				CLANG_WARN_OBJC_LITERAL_CONVERSION = YES;
				CLANG_WARN_OBJC_ROOT_CLASS = YES_ERROR;
				CLANG_WARN_QUOTED_INCLUDE_IN_FRAMEWORK_HEADER = YES;
				CLANG_WARN_RANGE_LOOP_ANALYSIS = YES;
				CLANG_WARN_STRICT_PROTOTYPES = YES;
				CLANG_WARN_SUSPICIOUS_MOVE = YES;
				CLANG_WARN_UNGUARDED_AVAILABILITY = YES_AGGRESSIVE;
				CLANG_WARN_UNREACHABLE_CODE = YES;
				CLANG_WARN__DUPLICATE_METHOD_MATCH = YES;
				COPY_PHASE_STRIP = NO;
				DEBUG_INFORMATION_FORMAT = "dwarf-with-dsym";
				ENABLE_NS_ASSERTIONS = NO;
				ENABLE_STRICT_OBJC_MSGSEND = YES;
				GCC_C_LANGUAGE_STANDARD = gnu11;
				GCC_NO_COMMON_BLOCKS = YES;
				GCC_WARN_64_TO_32_BIT_CONVERSION = YES;
				GCC_WARN_ABOUT_RETURN_TYPE = YES_ERROR;
				GCC_WARN_UNDECLARED_SELECTOR = YES;
				GCC_WARN_UNINITIALIZED_AUTOS = YES_AGGRESSIVE;
				GCC_WARN_UNUSED_FUNCTION = YES;
				GCC_WARN_UNUSED_VARIABLE = YES;
				MTL_ENABLE_DEBUG_INFO = NO;
				MTL_FAST_MATH = YES;
				SWIFT_COMPILATION_MODE = wholemodule;
				SWIFT_OPTIMIZATION_LEVEL = "-O";
			};
			name = Release;
		};
		280E59A32AC1284200DAC8F1 /* Debug */ = {
			isa = XCBuildConfiguration;
			buildSettings = {
				ASSETCATALOG_COMPILER_APPICON_NAME = AppIcon;
				ASSETCATALOG_COMPILER_GLOBAL_ACCENT_COLOR_NAME = AccentColor;
				CODE_SIGN_ENTITLEMENTS = SwiftUIBeginers/SwiftUIBeginers.entitlements;
				CODE_SIGN_STYLE = Automatic;
				CURRENT_PROJECT_VERSION = 1;
				DEVELOPMENT_ASSET_PATHS = "\"SwiftUIBeginers/Preview Content\"";
				DEVELOPMENT_TEAM = 89F6LU3LA2;
				ENABLE_HARDENED_RUNTIME = YES;
				ENABLE_PREVIEWS = YES;
				GENERATE_INFOPLIST_FILE = YES;
				"INFOPLIST_KEY_UIApplicationSceneManifest_Generation[sdk=iphoneos*]" = YES;
				"INFOPLIST_KEY_UIApplicationSceneManifest_Generation[sdk=iphonesimulator*]" = YES;
				"INFOPLIST_KEY_UIApplicationSupportsIndirectInputEvents[sdk=iphoneos*]" = YES;
				"INFOPLIST_KEY_UIApplicationSupportsIndirectInputEvents[sdk=iphonesimulator*]" = YES;
				"INFOPLIST_KEY_UILaunchScreen_Generation[sdk=iphoneos*]" = YES;
				"INFOPLIST_KEY_UILaunchScreen_Generation[sdk=iphonesimulator*]" = YES;
				"INFOPLIST_KEY_UIStatusBarStyle[sdk=iphoneos*]" = UIStatusBarStyleDefault;
				"INFOPLIST_KEY_UIStatusBarStyle[sdk=iphonesimulator*]" = UIStatusBarStyleDefault;
				INFOPLIST_KEY_UISupportedInterfaceOrientations_iPad = "UIInterfaceOrientationPortrait UIInterfaceOrientationPortraitUpsideDown UIInterfaceOrientationLandscapeLeft UIInterfaceOrientationLandscapeRight";
				INFOPLIST_KEY_UISupportedInterfaceOrientations_iPhone = "UIInterfaceOrientationPortrait UIInterfaceOrientationLandscapeLeft UIInterfaceOrientationLandscapeRight";
				IPHONEOS_DEPLOYMENT_TARGET = 17.0;
				LD_RUNPATH_SEARCH_PATHS = "@executable_path/Frameworks";
				"LD_RUNPATH_SEARCH_PATHS[sdk=macosx*]" = "@executable_path/../Frameworks";
				MACOSX_DEPLOYMENT_TARGET = 13.3;
				MARKETING_VERSION = 1.0;
				PRODUCT_BUNDLE_IDENTIFIER = shaun.SwiftUIBeginers;
				PRODUCT_NAME = "$(TARGET_NAME)";
				SDKROOT = auto;
				SUPPORTED_PLATFORMS = "iphoneos iphonesimulator macosx";
				SWIFT_EMIT_LOC_STRINGS = YES;
				SWIFT_VERSION = 5.0;
				TARGETED_DEVICE_FAMILY = "1,2";
			};
			name = Debug;
		};
		280E59A42AC1284200DAC8F1 /* Release */ = {
			isa = XCBuildConfiguration;
			buildSettings = {
				ASSETCATALOG_COMPILER_APPICON_NAME = AppIcon;
				ASSETCATALOG_COMPILER_GLOBAL_ACCENT_COLOR_NAME = AccentColor;
				CODE_SIGN_ENTITLEMENTS = SwiftUIBeginers/SwiftUIBeginers.entitlements;
				CODE_SIGN_STYLE = Automatic;
				CURRENT_PROJECT_VERSION = 1;
				DEVELOPMENT_ASSET_PATHS = "\"SwiftUIBeginers/Preview Content\"";
				DEVELOPMENT_TEAM = 89F6LU3LA2;
				ENABLE_HARDENED_RUNTIME = YES;
				ENABLE_PREVIEWS = YES;
				GENERATE_INFOPLIST_FILE = YES;
				"INFOPLIST_KEY_UIApplicationSceneManifest_Generation[sdk=iphoneos*]" = YES;
				"INFOPLIST_KEY_UIApplicationSceneManifest_Generation[sdk=iphonesimulator*]" = YES;
				"INFOPLIST_KEY_UIApplicationSupportsIndirectInputEvents[sdk=iphoneos*]" = YES;
				"INFOPLIST_KEY_UIApplicationSupportsIndirectInputEvents[sdk=iphonesimulator*]" = YES;
				"INFOPLIST_KEY_UILaunchScreen_Generation[sdk=iphoneos*]" = YES;
				"INFOPLIST_KEY_UILaunchScreen_Generation[sdk=iphonesimulator*]" = YES;
				"INFOPLIST_KEY_UIStatusBarStyle[sdk=iphoneos*]" = UIStatusBarStyleDefault;
				"INFOPLIST_KEY_UIStatusBarStyle[sdk=iphonesimulator*]" = UIStatusBarStyleDefault;
				INFOPLIST_KEY_UISupportedInterfaceOrientations_iPad = "UIInterfaceOrientationPortrait UIInterfaceOrientationPortraitUpsideDown UIInterfaceOrientationLandscapeLeft UIInterfaceOrientationLandscapeRight";
				INFOPLIST_KEY_UISupportedInterfaceOrientations_iPhone = "UIInterfaceOrientationPortrait UIInterfaceOrientationLandscapeLeft UIInterfaceOrientationLandscapeRight";
				IPHONEOS_DEPLOYMENT_TARGET = 17.0;
				LD_RUNPATH_SEARCH_PATHS = "@executable_path/Frameworks";
				"LD_RUNPATH_SEARCH_PATHS[sdk=macosx*]" = "@executable_path/../Frameworks";
				MACOSX_DEPLOYMENT_TARGET = 13.3;
				MARKETING_VERSION = 1.0;
				PRODUCT_BUNDLE_IDENTIFIER = shaun.SwiftUIBeginers;
				PRODUCT_NAME = "$(TARGET_NAME)";
				SDKROOT = auto;
				SUPPORTED_PLATFORMS = "iphoneos iphonesimulator macosx";
				SWIFT_EMIT_LOC_STRINGS = YES;
				SWIFT_VERSION = 5.0;
				TARGETED_DEVICE_FAMILY = "1,2";
			};
			name = Release;
		};
		280E59A62AC1284200DAC8F1 /* Debug */ = {
			isa = XCBuildConfiguration;
			buildSettings = {
				ALWAYS_EMBED_SWIFT_STANDARD_LIBRARIES = YES;
				BUNDLE_LOADER = "$(TEST_HOST)";
				CODE_SIGN_STYLE = Automatic;
				CURRENT_PROJECT_VERSION = 1;
				DEVELOPMENT_TEAM = 89F6LU3LA2;
				GENERATE_INFOPLIST_FILE = YES;
				IPHONEOS_DEPLOYMENT_TARGET = 16.4;
				MACOSX_DEPLOYMENT_TARGET = 13.3;
				MARKETING_VERSION = 1.0;
				PRODUCT_BUNDLE_IDENTIFIER = shaun.SwiftUIBeginersTests;
				PRODUCT_NAME = "$(TARGET_NAME)";
				SDKROOT = auto;
				SUPPORTED_PLATFORMS = "iphoneos iphonesimulator macosx";
				SWIFT_EMIT_LOC_STRINGS = NO;
				SWIFT_VERSION = 5.0;
				TARGETED_DEVICE_FAMILY = "1,2";
				TEST_HOST = "$(BUILT_PRODUCTS_DIR)/SwiftUIBeginers.app/$(BUNDLE_EXECUTABLE_FOLDER_PATH)/SwiftUIBeginers";
			};
			name = Debug;
		};
		280E59A72AC1284200DAC8F1 /* Release */ = {
			isa = XCBuildConfiguration;
			buildSettings = {
				ALWAYS_EMBED_SWIFT_STANDARD_LIBRARIES = YES;
				BUNDLE_LOADER = "$(TEST_HOST)";
				CODE_SIGN_STYLE = Automatic;
				CURRENT_PROJECT_VERSION = 1;
				DEVELOPMENT_TEAM = 89F6LU3LA2;
				GENERATE_INFOPLIST_FILE = YES;
				IPHONEOS_DEPLOYMENT_TARGET = 16.4;
				MACOSX_DEPLOYMENT_TARGET = 13.3;
				MARKETING_VERSION = 1.0;
				PRODUCT_BUNDLE_IDENTIFIER = shaun.SwiftUIBeginersTests;
				PRODUCT_NAME = "$(TARGET_NAME)";
				SDKROOT = auto;
				SUPPORTED_PLATFORMS = "iphoneos iphonesimulator macosx";
				SWIFT_EMIT_LOC_STRINGS = NO;
				SWIFT_VERSION = 5.0;
				TARGETED_DEVICE_FAMILY = "1,2";
				TEST_HOST = "$(BUILT_PRODUCTS_DIR)/SwiftUIBeginers.app/$(BUNDLE_EXECUTABLE_FOLDER_PATH)/SwiftUIBeginers";
			};
			name = Release;
		};
		280E59A92AC1284200DAC8F1 /* Debug */ = {
			isa = XCBuildConfiguration;
			buildSettings = {
				ALWAYS_EMBED_SWIFT_STANDARD_LIBRARIES = YES;
				CODE_SIGN_STYLE = Automatic;
				CURRENT_PROJECT_VERSION = 1;
				DEVELOPMENT_TEAM = 89F6LU3LA2;
				GENERATE_INFOPLIST_FILE = YES;
				IPHONEOS_DEPLOYMENT_TARGET = 16.4;
				MACOSX_DEPLOYMENT_TARGET = 13.3;
				MARKETING_VERSION = 1.0;
				PRODUCT_BUNDLE_IDENTIFIER = shaun.SwiftUIBeginersUITests;
				PRODUCT_NAME = "$(TARGET_NAME)";
				SDKROOT = auto;
				SUPPORTED_PLATFORMS = "iphoneos iphonesimulator macosx";
				SWIFT_EMIT_LOC_STRINGS = NO;
				SWIFT_VERSION = 5.0;
				TARGETED_DEVICE_FAMILY = "1,2";
				TEST_TARGET_NAME = SwiftUIBeginers;
			};
			name = Debug;
		};
		280E59AA2AC1284200DAC8F1 /* Release */ = {
			isa = XCBuildConfiguration;
			buildSettings = {
				ALWAYS_EMBED_SWIFT_STANDARD_LIBRARIES = YES;
				CODE_SIGN_STYLE = Automatic;
				CURRENT_PROJECT_VERSION = 1;
				DEVELOPMENT_TEAM = 89F6LU3LA2;
				GENERATE_INFOPLIST_FILE = YES;
				IPHONEOS_DEPLOYMENT_TARGET = 16.4;
				MACOSX_DEPLOYMENT_TARGET = 13.3;
				MARKETING_VERSION = 1.0;
				PRODUCT_BUNDLE_IDENTIFIER = shaun.SwiftUIBeginersUITests;
				PRODUCT_NAME = "$(TARGET_NAME)";
				SDKROOT = auto;
				SUPPORTED_PLATFORMS = "iphoneos iphonesimulator macosx";
				SWIFT_EMIT_LOC_STRINGS = NO;
				SWIFT_VERSION = 5.0;
				TARGETED_DEVICE_FAMILY = "1,2";
				TEST_TARGET_NAME = SwiftUIBeginers;
			};
			name = Release;
		};
/* End XCBuildConfiguration section */

/* Begin XCConfigurationList section */
		280E59782AC1284100DAC8F1 /* Build configuration list for PBXProject "SwiftUIBeginers" */ = {
			isa = XCConfigurationList;
			buildConfigurations = (
				280E59A02AC1284200DAC8F1 /* Debug */,
				280E59A12AC1284200DAC8F1 /* Release */,
			);
			defaultConfigurationIsVisible = 0;
			defaultConfigurationName = Release;
		};
		280E59A22AC1284200DAC8F1 /* Build configuration list for PBXNativeTarget "SwiftUIBeginers" */ = {
			isa = XCConfigurationList;
			buildConfigurations = (
				280E59A32AC1284200DAC8F1 /* Debug */,
				280E59A42AC1284200DAC8F1 /* Release */,
			);
			defaultConfigurationIsVisible = 0;
			defaultConfigurationName = Release;
		};
		280E59A52AC1284200DAC8F1 /* Build configuration list for PBXNativeTarget "SwiftUIBeginersTests" */ = {
			isa = XCConfigurationList;
			buildConfigurations = (
				280E59A62AC1284200DAC8F1 /* Debug */,
				280E59A72AC1284200DAC8F1 /* Release */,
			);
			defaultConfigurationIsVisible = 0;
			defaultConfigurationName = Release;
		};
		280E59A82AC1284200DAC8F1 /* Build configuration list for PBXNativeTarget "SwiftUIBeginersUITests" */ = {
			isa = XCConfigurationList;
			buildConfigurations = (
				280E59A92AC1284200DAC8F1 /* Debug */,
				280E59AA2AC1284200DAC8F1 /* Release */,
			);
			defaultConfigurationIsVisible = 0;
			defaultConfigurationName = Release;
		};
/* End XCConfigurationList section */

/* Begin XCVersionGroup section */
		28B30B132AFF7A8800307467 /* Bookworm.xcdatamodeld */ = {
			isa = XCVersionGroup;
			children = (
				28B30B142AFF7A8800307467 /* Bookworm.xcdatamodel */,
			);
			currentVersion = 28B30B142AFF7A8800307467 /* Bookworm.xcdatamodel */;
			path = Bookworm.xcdatamodeld;
			sourceTree = "<group>";
			versionGroupType = wrapper.xcdatamodel;
		};
		28FB28812B08C542003A737E /* CoreDataProject.xcdatamodeld */ = {
			isa = XCVersionGroup;
			children = (
				28FB28822B08C542003A737E /* CoreDataProject.xcdatamodel */,
			);
			currentVersion = 28FB28822B08C542003A737E /* CoreDataProject.xcdatamodel */;
			path = CoreDataProject.xcdatamodeld;
			sourceTree = "<group>";
			versionGroupType = wrapper.xcdatamodel;
		};
/* End XCVersionGroup section */
	};
	rootObject = 280E59752AC1284100DAC8F1 /* Project object */;
}
